// !$*UTF8*$!
{
	archiveVersion = 1;
	classes = {
	};
	objectVersion = 55;
	objects = {

/* Begin PBXBuildFile section */
		82DBF4932721C9F200E71EB4 /* AppDelegate.swift in Sources */ = {isa = PBXBuildFile; fileRef = 82DBF4922721C9F200E71EB4 /* AppDelegate.swift */; };
		82DBF4952721C9FE00E71EB4 /* Assets.xcassets in Resources */ = {isa = PBXBuildFile; fileRef = 82DBF4942721C9FE00E71EB4 /* Assets.xcassets */; };
		82DBF4982721C9FE00E71EB4 /* MainMenu.xib in Resources */ = {isa = PBXBuildFile; fileRef = 82DBF4962721C9FE00E71EB4 /* MainMenu.xib */; };
		82DBF4A32721CA0000E71EB4 /* daggerTests.swift in Sources */ = {isa = PBXBuildFile; fileRef = 82DBF4A22721CA0000E71EB4 /* daggerTests.swift */; };
		82DBF4AD2721CA0100E71EB4 /* daggerUITests.swift in Sources */ = {isa = PBXBuildFile; fileRef = 82DBF4AC2721CA0100E71EB4 /* daggerUITests.swift */; };
		82DBF4AF2721CA0100E71EB4 /* daggerUITestsLaunchTests.swift in Sources */ = {isa = PBXBuildFile; fileRef = 82DBF4AE2721CA0100E71EB4 /* daggerUITestsLaunchTests.swift */; };
		82DBF4BE27249D2C00E71EB4 /* dagger@2x.png in Resources */ = {isa = PBXBuildFile; fileRef = 82DBF4BD27249D2C00E71EB4 /* dagger@2x.png */; };
/* End PBXBuildFile section */

/* Begin PBXContainerItemProxy section */
		82DBF49F2721CA0000E71EB4 /* PBXContainerItemProxy */ = {
			isa = PBXContainerItemProxy;
			containerPortal = 82DBF4872721C9F200E71EB4 /* Project object */;
			proxyType = 1;
			remoteGlobalIDString = 82DBF48E2721C9F200E71EB4;
			remoteInfo = dagger;
		};
		82DBF4A92721CA0000E71EB4 /* PBXContainerItemProxy */ = {
			isa = PBXContainerItemProxy;
			containerPortal = 82DBF4872721C9F200E71EB4 /* Project object */;
			proxyType = 1;
			remoteGlobalIDString = 82DBF48E2721C9F200E71EB4;
			remoteInfo = dagger;
		};
/* End PBXContainerItemProxy section */

/* Begin PBXFileReference section */
		82DBF48F2721C9F200E71EB4 /* dagger.app */ = {isa = PBXFileReference; explicitFileType = wrapper.application; includeInIndex = 0; path = dagger.app; sourceTree = BUILT_PRODUCTS_DIR; };
		82DBF4922721C9F200E71EB4 /* AppDelegate.swift */ = {isa = PBXFileReference; lastKnownFileType = sourcecode.swift; path = AppDelegate.swift; sourceTree = "<group>"; };
		82DBF4942721C9FE00E71EB4 /* Assets.xcassets */ = {isa = PBXFileReference; lastKnownFileType = folder.assetcatalog; path = Assets.xcassets; sourceTree = "<group>"; };
		82DBF4972721C9FE00E71EB4 /* Base */ = {isa = PBXFileReference; lastKnownFileType = file.xib; name = Base; path = Base.lproj/MainMenu.xib; sourceTree = "<group>"; };
		82DBF4992721C9FE00E71EB4 /* dagger.entitlements */ = {isa = PBXFileReference; lastKnownFileType = text.plist.entitlements; path = dagger.entitlements; sourceTree = "<group>"; };
		82DBF49E2721CA0000E71EB4 /* daggerTests.xctest */ = {isa = PBXFileReference; explicitFileType = wrapper.cfbundle; includeInIndex = 0; path = daggerTests.xctest; sourceTree = BUILT_PRODUCTS_DIR; };
		82DBF4A22721CA0000E71EB4 /* daggerTests.swift */ = {isa = PBXFileReference; lastKnownFileType = sourcecode.swift; path = daggerTests.swift; sourceTree = "<group>"; };
		82DBF4A82721CA0000E71EB4 /* daggerUITests.xctest */ = {isa = PBXFileReference; explicitFileType = wrapper.cfbundle; includeInIndex = 0; path = daggerUITests.xctest; sourceTree = BUILT_PRODUCTS_DIR; };
		82DBF4AC2721CA0100E71EB4 /* daggerUITests.swift */ = {isa = PBXFileReference; lastKnownFileType = sourcecode.swift; path = daggerUITests.swift; sourceTree = "<group>"; };
		82DBF4AE2721CA0100E71EB4 /* daggerUITestsLaunchTests.swift */ = {isa = PBXFileReference; lastKnownFileType = sourcecode.swift; path = daggerUITestsLaunchTests.swift; sourceTree = "<group>"; };
		82DBF4BD27249D2C00E71EB4 /* dagger@2x.png */ = {isa = PBXFileReference; lastKnownFileType = image.png; path = "dagger@2x.png"; sourceTree = "<group>"; };
/* End PBXFileReference section */

/* Begin PBXFrameworksBuildPhase section */
		82DBF48C2721C9F200E71EB4 /* Frameworks */ = {
			isa = PBXFrameworksBuildPhase;
			buildActionMask = 2147483647;
			files = (
			);
			runOnlyForDeploymentPostprocessing = 0;
		};
		82DBF49B2721CA0000E71EB4 /* Frameworks */ = {
			isa = PBXFrameworksBuildPhase;
			buildActionMask = 2147483647;
			files = (
			);
			runOnlyForDeploymentPostprocessing = 0;
		};
		82DBF4A52721CA0000E71EB4 /* Frameworks */ = {
			isa = PBXFrameworksBuildPhase;
			buildActionMask = 2147483647;
			files = (
			);
			runOnlyForDeploymentPostprocessing = 0;
		};
/* End PBXFrameworksBuildPhase section */

/* Begin PBXGroup section */
		82DBF4862721C9F200E71EB4 = {
			isa = PBXGroup;
			children = (
				82DBF4912721C9F200E71EB4 /* dagger */,
				82DBF4A12721CA0000E71EB4 /* daggerTests */,
				82DBF4AB2721CA0000E71EB4 /* daggerUITests */,
				82DBF4902721C9F200E71EB4 /* Products */,
			);
			sourceTree = "<group>";
		};
		82DBF4902721C9F200E71EB4 /* Products */ = {
			isa = PBXGroup;
			children = (
				82DBF48F2721C9F200E71EB4 /* dagger.app */,
				82DBF49E2721CA0000E71EB4 /* daggerTests.xctest */,
				82DBF4A82721CA0000E71EB4 /* daggerUITests.xctest */,
			);
			name = Products;
			sourceTree = "<group>";
		};
		82DBF4912721C9F200E71EB4 /* dagger */ = {
			isa = PBXGroup;
			children = (
				82DBF4BC27249D2C00E71EB4 /* image */,
				82DBF4922721C9F200E71EB4 /* AppDelegate.swift */,
				82DBF4942721C9FE00E71EB4 /* Assets.xcassets */,
				82DBF4962721C9FE00E71EB4 /* MainMenu.xib */,
				82DBF4992721C9FE00E71EB4 /* dagger.entitlements */,
			);
			path = dagger;
			sourceTree = "<group>";
		};
		82DBF4A12721CA0000E71EB4 /* daggerTests */ = {
			isa = PBXGroup;
			children = (
				82DBF4A22721CA0000E71EB4 /* daggerTests.swift */,
			);
			path = daggerTests;
			sourceTree = "<group>";
		};
		82DBF4AB2721CA0000E71EB4 /* daggerUITests */ = {
			isa = PBXGroup;
			children = (
				82DBF4AC2721CA0100E71EB4 /* daggerUITests.swift */,
				82DBF4AE2721CA0100E71EB4 /* daggerUITestsLaunchTests.swift */,
			);
			path = daggerUITests;
			sourceTree = "<group>";
		};
		82DBF4BC27249D2C00E71EB4 /* image */ = {
			isa = PBXGroup;
			children = (
				82DBF4BD27249D2C00E71EB4 /* dagger@2x.png */,
			);
			path = image;
			sourceTree = "<group>";
		};
/* End PBXGroup section */

/* Begin PBXNativeTarget section */
		82DBF48E2721C9F200E71EB4 /* dagger */ = {
			isa = PBXNativeTarget;
			buildConfigurationList = 82DBF4B22721CA0100E71EB4 /* Build configuration list for PBXNativeTarget "dagger" */;
			buildPhases = (
				82DBF48B2721C9F200E71EB4 /* Sources */,
				82DBF48C2721C9F200E71EB4 /* Frameworks */,
				82DBF48D2721C9F200E71EB4 /* Resources */,
			);
			buildRules = (
			);
			dependencies = (
			);
			name = dagger;
			productName = dagger;
			productReference = 82DBF48F2721C9F200E71EB4 /* dagger.app */;
			productType = "com.apple.product-type.application";
		};
		82DBF49D2721CA0000E71EB4 /* daggerTests */ = {
			isa = PBXNativeTarget;
			buildConfigurationList = 82DBF4B52721CA0100E71EB4 /* Build configuration list for PBXNativeTarget "daggerTests" */;
			buildPhases = (
				82DBF49A2721CA0000E71EB4 /* Sources */,
				82DBF49B2721CA0000E71EB4 /* Frameworks */,
				82DBF49C2721CA0000E71EB4 /* Resources */,
			);
			buildRules = (
			);
			dependencies = (
				82DBF4A02721CA0000E71EB4 /* PBXTargetDependency */,
			);
			name = daggerTests;
			productName = daggerTests;
			productReference = 82DBF49E2721CA0000E71EB4 /* daggerTests.xctest */;
			productType = "com.apple.product-type.bundle.unit-test";
		};
		82DBF4A72721CA0000E71EB4 /* daggerUITests */ = {
			isa = PBXNativeTarget;
			buildConfigurationList = 82DBF4B82721CA0100E71EB4 /* Build configuration list for PBXNativeTarget "daggerUITests" */;
			buildPhases = (
				82DBF4A42721CA0000E71EB4 /* Sources */,
				82DBF4A52721CA0000E71EB4 /* Frameworks */,
				82DBF4A62721CA0000E71EB4 /* Resources */,
			);
			buildRules = (
			);
			dependencies = (
				82DBF4AA2721CA0000E71EB4 /* PBXTargetDependency */,
			);
			name = daggerUITests;
			productName = daggerUITests;
			productReference = 82DBF4A82721CA0000E71EB4 /* daggerUITests.xctest */;
			productType = "com.apple.product-type.bundle.ui-testing";
		};
/* End PBXNativeTarget section */

/* Begin PBXProject section */
		82DBF4872721C9F200E71EB4 /* Project object */ = {
			isa = PBXProject;
			attributes = {
				BuildIndependentTargetsInParallel = 1;
				LastSwiftUpdateCheck = 1300;
				LastUpgradeCheck = 1300;
				TargetAttributes = {
					82DBF48E2721C9F200E71EB4 = {
						CreatedOnToolsVersion = 13.0;
					};
					82DBF49D2721CA0000E71EB4 = {
						CreatedOnToolsVersion = 13.0;
						TestTargetID = 82DBF48E2721C9F200E71EB4;
					};
					82DBF4A72721CA0000E71EB4 = {
						CreatedOnToolsVersion = 13.0;
						TestTargetID = 82DBF48E2721C9F200E71EB4;
					};
				};
			};
			buildConfigurationList = 82DBF48A2721C9F200E71EB4 /* Build configuration list for PBXProject "dagger" */;
			compatibilityVersion = "Xcode 13.0";
			developmentRegion = en;
			hasScannedForEncodings = 0;
			knownRegions = (
				en,
				Base,
			);
			mainGroup = 82DBF4862721C9F200E71EB4;
			productRefGroup = 82DBF4902721C9F200E71EB4 /* Products */;
			projectDirPath = "";
			projectRoot = "";
			targets = (
				82DBF48E2721C9F200E71EB4 /* dagger */,
				82DBF49D2721CA0000E71EB4 /* daggerTests */,
				82DBF4A72721CA0000E71EB4 /* daggerUITests */,
			);
		};
/* End PBXProject section */

/* Begin PBXResourcesBuildPhase section */
		82DBF48D2721C9F200E71EB4 /* Resources */ = {
			isa = PBXResourcesBuildPhase;
			buildActionMask = 2147483647;
			files = (
				82DBF4BE27249D2C00E71EB4 /* dagger@2x.png in Resources */,
				82DBF4952721C9FE00E71EB4 /* Assets.xcassets in Resources */,
				82DBF4982721C9FE00E71EB4 /* MainMenu.xib in Resources */,
			);
			runOnlyForDeploymentPostprocessing = 0;
		};
		82DBF49C2721CA0000E71EB4 /* Resources */ = {
			isa = PBXResourcesBuildPhase;
			buildActionMask = 2147483647;
			files = (
			);
			runOnlyForDeploymentPostprocessing = 0;
		};
		82DBF4A62721CA0000E71EB4 /* Resources */ = {
			isa = PBXResourcesBuildPhase;
			buildActionMask = 2147483647;
			files = (
			);
			runOnlyForDeploymentPostprocessing = 0;
		};
/* End PBXResourcesBuildPhase section */

/* Begin PBXSourcesBuildPhase section */
		82DBF48B2721C9F200E71EB4 /* Sources */ = {
			isa = PBXSourcesBuildPhase;
			buildActionMask = 2147483647;
			files = (
				82DBF4932721C9F200E71EB4 /* AppDelegate.swift in Sources */,
			);
			runOnlyForDeploymentPostprocessing = 0;
		};
		82DBF49A2721CA0000E71EB4 /* Sources */ = {
			isa = PBXSourcesBuildPhase;
			buildActionMask = 2147483647;
			files = (
				82DBF4A32721CA0000E71EB4 /* daggerTests.swift in Sources */,
			);
			runOnlyForDeploymentPostprocessing = 0;
		};
		82DBF4A42721CA0000E71EB4 /* Sources */ = {
			isa = PBXSourcesBuildPhase;
			buildActionMask = 2147483647;
			files = (
				82DBF4AF2721CA0100E71EB4 /* daggerUITestsLaunchTests.swift in Sources */,
				82DBF4AD2721CA0100E71EB4 /* daggerUITests.swift in Sources */,
			);
			runOnlyForDeploymentPostprocessing = 0;
		};
/* End PBXSourcesBuildPhase section */

/* Begin PBXTargetDependency section */
		82DBF4A02721CA0000E71EB4 /* PBXTargetDependency */ = {
			isa = PBXTargetDependency;
			target = 82DBF48E2721C9F200E71EB4 /* dagger */;
			targetProxy = 82DBF49F2721CA0000E71EB4 /* PBXContainerItemProxy */;
		};
		82DBF4AA2721CA0000E71EB4 /* PBXTargetDependency */ = {
			isa = PBXTargetDependency;
			target = 82DBF48E2721C9F200E71EB4 /* dagger */;
			targetProxy = 82DBF4A92721CA0000E71EB4 /* PBXContainerItemProxy */;
		};
/* End PBXTargetDependency section */

/* Begin PBXVariantGroup section */
		82DBF4962721C9FE00E71EB4 /* MainMenu.xib */ = {
			isa = PBXVariantGroup;
			children = (
				82DBF4972721C9FE00E71EB4 /* Base */,
			);
			name = MainMenu.xib;
			sourceTree = "<group>";
		};
/* End PBXVariantGroup section */

/* Begin XCBuildConfiguration section */
		82DBF4B02721CA0100E71EB4 /* Debug */ = {
			isa = XCBuildConfiguration;
			buildSettings = {
				ALWAYS_SEARCH_USER_PATHS = NO;
				CLANG_ANALYZER_NONNULL = YES;
				CLANG_ANALYZER_NUMBER_OBJECT_CONVERSION = YES_AGGRESSIVE;
				CLANG_CXX_LANGUAGE_STANDARD = "gnu++17";
				CLANG_CXX_LIBRARY = "libc++";
				CLANG_ENABLE_MODULES = YES;
				CLANG_ENABLE_OBJC_ARC = YES;
				CLANG_ENABLE_OBJC_WEAK = YES;
				CLANG_WARN_BLOCK_CAPTURE_AUTORELEASING = YES;
				CLANG_WARN_BOOL_CONVERSION = YES;
				CLANG_WARN_COMMA = YES;
				CLANG_WARN_CONSTANT_CONVERSION = YES;
				CLANG_WARN_DEPRECATED_OBJC_IMPLEMENTATIONS = YES;
				CLANG_WARN_DIRECT_OBJC_ISA_USAGE = YES_ERROR;
				CLANG_WARN_DOCUMENTATION_COMMENTS = YES;
				CLANG_WARN_EMPTY_BODY = YES;
				CLANG_WARN_ENUM_CONVERSION = YES;
				CLANG_WARN_INFINITE_RECURSION = YES;
				CLANG_WARN_INT_CONVERSION = YES;
				CLANG_WARN_NON_LITERAL_NULL_CONVERSION = YES;
				CLANG_WARN_OBJC_IMPLICIT_RETAIN_SELF = YES;
				CLANG_WARN_OBJC_LITERAL_CONVERSION = YES;
				CLANG_WARN_OBJC_ROOT_CLASS = YES_ERROR;
				CLANG_WARN_QUOTED_INCLUDE_IN_FRAMEWORK_HEADER = YES;
				CLANG_WARN_RANGE_LOOP_ANALYSIS = YES;
				CLANG_WARN_STRICT_PROTOTYPES = YES;
				CLANG_WARN_SUSPICIOUS_MOVE = YES;
				CLANG_WARN_UNGUARDED_AVAILABILITY = YES_AGGRESSIVE;
				CLANG_WARN_UNREACHABLE_CODE = YES;
				CLANG_WARN__DUPLICATE_METHOD_MATCH = YES;
				COPY_PHASE_STRIP = NO;
				DEBUG_INFORMATION_FORMAT = dwarf;
				ENABLE_STRICT_OBJC_MSGSEND = YES;
				ENABLE_TESTABILITY = YES;
				GCC_C_LANGUAGE_STANDARD = gnu11;
				GCC_DYNAMIC_NO_PIC = NO;
				GCC_NO_COMMON_BLOCKS = YES;
				GCC_OPTIMIZATION_LEVEL = 0;
				GCC_PREPROCESSOR_DEFINITIONS = (
					"DEBUG=1",
					"$(inherited)",
				);
				GCC_WARN_64_TO_32_BIT_CONVERSION = YES;
				GCC_WARN_ABOUT_RETURN_TYPE = YES_ERROR;
				GCC_WARN_UNDECLARED_SELECTOR = YES;
				GCC_WARN_UNINITIALIZED_AUTOS = YES_AGGRESSIVE;
				GCC_WARN_UNUSED_FUNCTION = YES;
				GCC_WARN_UNUSED_VARIABLE = YES;
				MACOSX_DEPLOYMENT_TARGET = 11.3;
				MTL_ENABLE_DEBUG_INFO = INCLUDE_SOURCE;
				MTL_FAST_MATH = YES;
				ONLY_ACTIVE_ARCH = YES;
				SDKROOT = macosx;
				SWIFT_ACTIVE_COMPILATION_CONDITIONS = DEBUG;
				SWIFT_OPTIMIZATION_LEVEL = "-Onone";
			};
			name = Debug;
		};
		82DBF4B12721CA0100E71EB4 /* Release */ = {
			isa = XCBuildConfiguration;
			buildSettings = {
				ALWAYS_SEARCH_USER_PATHS = NO;
				CLANG_ANALYZER_NONNULL = YES;
				CLANG_ANALYZER_NUMBER_OBJECT_CONVERSION = YES_AGGRESSIVE;
				CLANG_CXX_LANGUAGE_STANDARD = "gnu++17";
				CLANG_CXX_LIBRARY = "libc++";
				CLANG_ENABLE_MODULES = YES;
				CLANG_ENABLE_OBJC_ARC = YES;
				CLANG_ENABLE_OBJC_WEAK = YES;
				CLANG_WARN_BLOCK_CAPTURE_AUTORELEASING = YES;
				CLANG_WARN_BOOL_CONVERSION = YES;
				CLANG_WARN_COMMA = YES;
				CLANG_WARN_CONSTANT_CONVERSION = YES;
				CLANG_WARN_DEPRECATED_OBJC_IMPLEMENTATIONS = YES;
				CLANG_WARN_DIRECT_OBJC_ISA_USAGE = YES_ERROR;
				CLANG_WARN_DOCUMENTATION_COMMENTS = YES;
				CLANG_WARN_EMPTY_BODY = YES;
				CLANG_WARN_ENUM_CONVERSION = YES;
				CLANG_WARN_INFINITE_RECURSION = YES;
				CLANG_WARN_INT_CONVERSION = YES;
				CLANG_WARN_NON_LITERAL_NULL_CONVERSION = YES;
				CLANG_WARN_OBJC_IMPLICIT_RETAIN_SELF = YES;
				CLANG_WARN_OBJC_LITERAL_CONVERSION = YES;
				CLANG_WARN_OBJC_ROOT_CLASS = YES_ERROR;
				CLANG_WARN_QUOTED_INCLUDE_IN_FRAMEWORK_HEADER = YES;
				CLANG_WARN_RANGE_LOOP_ANALYSIS = YES;
				CLANG_WARN_STRICT_PROTOTYPES = YES;
				CLANG_WARN_SUSPICIOUS_MOVE = YES;
				CLANG_WARN_UNGUARDED_AVAILABILITY = YES_AGGRESSIVE;
				CLANG_WARN_UNREACHABLE_CODE = YES;
				CLANG_WARN__DUPLICATE_METHOD_MATCH = YES;
				COPY_PHASE_STRIP = NO;
				DEBUG_INFORMATION_FORMAT = "dwarf-with-dsym";
				ENABLE_NS_ASSERTIONS = NO;
				ENABLE_STRICT_OBJC_MSGSEND = YES;
				GCC_C_LANGUAGE_STANDARD = gnu11;
				GCC_NO_COMMON_BLOCKS = YES;
				GCC_WARN_64_TO_32_BIT_CONVERSION = YES;
				GCC_WARN_ABOUT_RETURN_TYPE = YES_ERROR;
				GCC_WARN_UNDECLARED_SELECTOR = YES;
				GCC_WARN_UNINITIALIZED_AUTOS = YES_AGGRESSIVE;
				GCC_WARN_UNUSED_FUNCTION = YES;
				GCC_WARN_UNUSED_VARIABLE = YES;
				MACOSX_DEPLOYMENT_TARGET = 11.3;
				MTL_ENABLE_DEBUG_INFO = NO;
				MTL_FAST_MATH = YES;
				SDKROOT = macosx;
				SWIFT_COMPILATION_MODE = wholemodule;
				SWIFT_OPTIMIZATION_LEVEL = "-O";
			};
			name = Release;
		};
		82DBF4B32721CA0100E71EB4 /* Debug */ = {
			isa = XCBuildConfiguration;
			buildSettings = {
				ASSETCATALOG_COMPILER_APPICON_NAME = AppIcon;
				ASSETCATALOG_COMPILER_GLOBAL_ACCENT_COLOR_NAME = AccentColor;
				CODE_SIGN_ENTITLEMENTS = dagger/dagger.entitlements;
				CODE_SIGN_STYLE = Automatic;
				COMBINE_HIDPI_IMAGES = YES;
				CURRENT_PROJECT_VERSION = 1;
				GENERATE_INFOPLIST_FILE = YES;
				INFOPLIST_KEY_NSHumanReadableCopyright = "";
				INFOPLIST_KEY_NSMainNibFile = MainMenu;
				INFOPLIST_KEY_NSPrincipalClass = NSApplication;
				LD_RUNPATH_SEARCH_PATHS = (
					"$(inherited)",
					"@executable_path/../Frameworks",
				);
				MACOSX_DEPLOYMENT_TARGET = 10.12;
				MARKETING_VERSION = 1.0;
				PRODUCT_BUNDLE_IDENTIFIER = com.midoks.dagger;
				PRODUCT_NAME = "$(TARGET_NAME)";
				SWIFT_EMIT_LOC_STRINGS = YES;
				SWIFT_VERSION = 5.0;
			};
			name = Debug;
		};
		82DBF4B42721CA0100E71EB4 /* Release */ = {
			isa = XCBuildConfiguration;
			buildSettings = {
				ASSETCATALOG_COMPILER_APPICON_NAME = AppIcon;
				ASSETCATALOG_COMPILER_GLOBAL_ACCENT_COLOR_NAME = AccentColor;
				CODE_SIGN_ENTITLEMENTS = dagger/dagger.entitlements;
				CODE_SIGN_STYLE = Automatic;
				COMBINE_HIDPI_IMAGES = YES;
				CURRENT_PROJECT_VERSION = 1;
				GENERATE_INFOPLIST_FILE = YES;
				INFOPLIST_KEY_NSHumanReadableCopyright = "";
				INFOPLIST_KEY_NSMainNibFile = MainMenu;
				INFOPLIST_KEY_NSPrincipalClass = NSApplication;
				LD_RUNPATH_SEARCH_PATHS = (
					"$(inherited)",
					"@executable_path/../Frameworks",
				);
				MACOSX_DEPLOYMENT_TARGET = 10.12;
				MARKETING_VERSION = 1.0;
				PRODUCT_BUNDLE_IDENTIFIER = com.midoks.dagger;
				PRODUCT_NAME = "$(TARGET_NAME)";
				SWIFT_EMIT_LOC_STRINGS = YES;
				SWIFT_VERSION = 5.0;
			};
			name = Release;
		};
		82DBF4B62721CA0100E71EB4 /* Debug */ = {
			isa = XCBuildConfiguration;
			buildSettings = {
				ALWAYS_EMBED_SWIFT_STANDARD_LIBRARIES = YES;
				BUNDLE_LOADER = "$(TEST_HOST)";
				CODE_SIGN_STYLE = Automatic;
				COMBINE_HIDPI_IMAGES = YES;
				CURRENT_PROJECT_VERSION = 1;
				GENERATE_INFOPLIST_FILE = YES;
				LD_RUNPATH_SEARCH_PATHS = (
					"$(inherited)",
					"@executable_path/../Frameworks",
					"@loader_path/../Frameworks",
				);
				MACOSX_DEPLOYMENT_TARGET = 11.3;
				MARKETING_VERSION = 1.0;
				PRODUCT_BUNDLE_IDENTIFIER = com.midoks.daggerTests;
				PRODUCT_NAME = "$(TARGET_NAME)";
				SWIFT_EMIT_LOC_STRINGS = NO;
				SWIFT_VERSION = 5.0;
				TEST_HOST = "$(BUILT_PRODUCTS_DIR)/dagger.app/Contents/MacOS/dagger";
			};
			name = Debug;
		};
		82DBF4B72721CA0100E71EB4 /* Release */ = {
			isa = XCBuildConfiguration;
			buildSettings = {
				ALWAYS_EMBED_SWIFT_STANDARD_LIBRARIES = YES;
				BUNDLE_LOADER = "$(TEST_HOST)";
				CODE_SIGN_STYLE = Automatic;
				COMBINE_HIDPI_IMAGES = YES;
				CURRENT_PROJECT_VERSION = 1;
				GENERATE_INFOPLIST_FILE = YES;
				LD_RUNPATH_SEARCH_PATHS = (
					"$(inherited)",
					"@executable_path/../Frameworks",
					"@loader_path/../Frameworks",
				);
				MACOSX_DEPLOYMENT_TARGET = 11.3;
				MARKETING_VERSION = 1.0;
				PRODUCT_BUNDLE_IDENTIFIER = com.midoks.daggerTests;
				PRODUCT_NAME = "$(TARGET_NAME)";
				SWIFT_EMIT_LOC_STRINGS = NO;
				SWIFT_VERSION = 5.0;
				TEST_HOST = "$(BUILT_PRODUCTS_DIR)/dagger.app/Contents/MacOS/dagger";
			};
			name = Release;
		};
		82DBF4B92721CA0100E71EB4 /* Debug */ = {
			isa = XCBuildConfiguration;
			buildSettings = {
				ALWAYS_EMBED_SWIFT_STANDARD_LIBRARIES = YES;
				CODE_SIGN_STYLE = Automatic;
				COMBINE_HIDPI_IMAGES = YES;
				CURRENT_PROJECT_VERSION = 1;
				GENERATE_INFOPLIST_FILE = YES;
				LD_RUNPATH_SEARCH_PATHS = (
					"$(inherited)",
					"@executable_path/../Frameworks",
					"@loader_path/../Frameworks",
				);
				MARKETING_VERSION = 1.0;
				PRODUCT_BUNDLE_IDENTIFIER = com.midoks.daggerUITests;
				PRODUCT_NAME = "$(TARGET_NAME)";
				SWIFT_EMIT_LOC_STRINGS = NO;
				SWIFT_VERSION = 5.0;
				TEST_TARGET_NAME = dagger;
			};
			name = Debug;
		};
		82DBF4BA2721CA0100E71EB4 /* Release */ = {
			isa = XCBuildConfiguration;
			buildSettings = {
				ALWAYS_EMBED_SWIFT_STANDARD_LIBRARIES = YES;
				CODE_SIGN_STYLE = Automatic;
				COMBINE_HIDPI_IMAGES = YES;
				CURRENT_PROJECT_VERSION = 1;
				GENERATE_INFOPLIST_FILE = YES;
				LD_RUNPATH_SEARCH_PATHS = (
					"$(inherited)",
					"@executable_path/../Frameworks",
					"@loader_path/../Frameworks",
				);
				MARKETING_VERSION = 1.0;
				PRODUCT_BUNDLE_IDENTIFIER = com.midoks.daggerUITests;
				PRODUCT_NAME = "$(TARGET_NAME)";
				SWIFT_EMIT_LOC_STRINGS = NO;
				SWIFT_VERSION = 5.0;
				TEST_TARGET_NAME = dagger;
			};
			name = Release;
		};
/* End XCBuildConfiguration section */

/* Begin XCConfigurationList section */
		82DBF48A2721C9F200E71EB4 /* Build configuration list for PBXProject "dagger" */ = {
			isa = XCConfigurationList;
			buildConfigurations = (
				82DBF4B02721CA0100E71EB4 /* Debug */,
				82DBF4B12721CA0100E71EB4 /* Release */,
			);
			defaultConfigurationIsVisible = 0;
			defaultConfigurationName = Release;
		};
		82DBF4B22721CA0100E71EB4 /* Build configuration list for PBXNativeTarget "dagger" */ = {
			isa = XCConfigurationList;
			buildConfigurations = (
				82DBF4B32721CA0100E71EB4 /* Debug */,
				82DBF4B42721CA0100E71EB4 /* Release */,
			);
			defaultConfigurationIsVisible = 0;
			defaultConfigurationName = Release;
		};
		82DBF4B52721CA0100E71EB4 /* Build configuration list for PBXNativeTarget "daggerTests" */ = {
			isa = XCConfigurationList;
			buildConfigurations = (
				82DBF4B62721CA0100E71EB4 /* Debug */,
				82DBF4B72721CA0100E71EB4 /* Release */,
			);
			defaultConfigurationIsVisible = 0;
			defaultConfigurationName = Release;
		};
		82DBF4B82721CA0100E71EB4 /* Build configuration list for PBXNativeTarget "daggerUITests" */ = {
			isa = XCConfigurationList;
			buildConfigurations = (
				82DBF4B92721CA0100E71EB4 /* Debug */,
				82DBF4BA2721CA0100E71EB4 /* Release */,
			);
			defaultConfigurationIsVisible = 0;
			defaultConfigurationName = Release;
		};
/* End XCConfigurationList section */
	};
	rootObject = 82DBF4872721C9F200E71EB4 /* Project object */;
}
