// !$*UTF8*$!
{
	archiveVersion = 1;
	classes = {
	};
	objectVersion = 55;
	objects = {

/* Begin PBXBuildFile section */
		823CC5BF2725DAC300272DEC /* dagger-helper in Resources */ = {isa = PBXBuildFile; fileRef = 823CC5BE2725DAC300272DEC /* dagger-helper */; };
		823CC5C72725DCB900272DEC /* ProxyConfHelper.m in Sources */ = {isa = PBXBuildFile; fileRef = 823CC5C62725DCB900272DEC /* ProxyConfHelper.m */; };
		823CC5EB2725DDC000272DEC /* GCDWebServerResponse.m in Sources */ = {isa = PBXBuildFile; fileRef = 823CC5CD2725DDBF00272DEC /* GCDWebServerResponse.m */; };
		823CC5EC2725DDC000272DEC /* GCDWebServerRequest.m in Sources */ = {isa = PBXBuildFile; fileRef = 823CC5D02725DDBF00272DEC /* GCDWebServerRequest.m */; };
		823CC5ED2725DDC000272DEC /* GCDWebServerFunctions.m in Sources */ = {isa = PBXBuildFile; fileRef = 823CC5D32725DDC000272DEC /* GCDWebServerFunctions.m */; };
		823CC5EE2725DDC000272DEC /* GCDWebServer.m in Sources */ = {isa = PBXBuildFile; fileRef = 823CC5D42725DDC000272DEC /* GCDWebServer.m */; };
		823CC5EF2725DDC000272DEC /* GCDWebServerConnection.m in Sources */ = {isa = PBXBuildFile; fileRef = 823CC5D52725DDC000272DEC /* GCDWebServerConnection.m */; };
		823CC5F02725DDC000272DEC /* GCDWebServerErrorResponse.m in Sources */ = {isa = PBXBuildFile; fileRef = 823CC5DA2725DDC000272DEC /* GCDWebServerErrorResponse.m */; };
		823CC5F12725DDC000272DEC /* GCDWebServerFileResponse.m in Sources */ = {isa = PBXBuildFile; fileRef = 823CC5DC2725DDC000272DEC /* GCDWebServerFileResponse.m */; };
		823CC5F22725DDC000272DEC /* GCDWebServerDataResponse.m in Sources */ = {isa = PBXBuildFile; fileRef = 823CC5DD2725DDC000272DEC /* GCDWebServerDataResponse.m */; };
		823CC5F32725DDC000272DEC /* GCDWebServerStreamedResponse.m in Sources */ = {isa = PBXBuildFile; fileRef = 823CC5DF2725DDC000272DEC /* GCDWebServerStreamedResponse.m */; };
		823CC5F42725DDC000272DEC /* GCDWebServerURLEncodedFormRequest.m in Sources */ = {isa = PBXBuildFile; fileRef = 823CC5E42725DDC000272DEC /* GCDWebServerURLEncodedFormRequest.m */; };
		823CC5F52725DDC000272DEC /* GCDWebServerMultiPartFormRequest.m in Sources */ = {isa = PBXBuildFile; fileRef = 823CC5E52725DDC000272DEC /* GCDWebServerMultiPartFormRequest.m */; };
		823CC5F62725DDC000272DEC /* GCDWebServerDataRequest.m in Sources */ = {isa = PBXBuildFile; fileRef = 823CC5E62725DDC000272DEC /* GCDWebServerDataRequest.m */; };
		823CC5F72725DDC000272DEC /* GCDWebServerFileRequest.m in Sources */ = {isa = PBXBuildFile; fileRef = 823CC5E72725DDC000272DEC /* GCDWebServerFileRequest.m */; };
		823CC5FB2725E21100272DEC /* install_helper.sh in Resources */ = {isa = PBXBuildFile; fileRef = 823CC5FA2725E21100272DEC /* install_helper.sh */; };
		823CC6132725EEE000272DEC /* ProxyConfTool.m in Sources */ = {isa = PBXBuildFile; fileRef = 823CC6122725EEDF00272DEC /* ProxyConfTool.m */; };
		82C2FBF52726BE23006A76CD /* menu_g_icon.png in Resources */ = {isa = PBXBuildFile; fileRef = 82C2FBF32726BE22006A76CD /* menu_g_icon.png */; };
		82C2FBF62726BE23006A76CD /* menu_g_icon@2x.png in Resources */ = {isa = PBXBuildFile; fileRef = 82C2FBF42726BE22006A76CD /* menu_g_icon@2x.png */; };
		82C2FBF92726BEE7006A76CD /* menu_p_icon.png in Resources */ = {isa = PBXBuildFile; fileRef = 82C2FBF72726BEE7006A76CD /* menu_p_icon.png */; };
		82C2FBFA2726BEE7006A76CD /* menu_p_icon@2x.png in Resources */ = {isa = PBXBuildFile; fileRef = 82C2FBF82726BEE7006A76CD /* menu_p_icon@2x.png */; };
		82C2FBFD2726BF40006A76CD /* menu_m_icon@2x.png in Resources */ = {isa = PBXBuildFile; fileRef = 82C2FBFB2726BF3F006A76CD /* menu_m_icon@2x.png */; };
		82C2FBFE2726BF40006A76CD /* menu_m_icon.png in Resources */ = {isa = PBXBuildFile; fileRef = 82C2FBFC2726BF40006A76CD /* menu_m_icon.png */; };
		82C2FC052726CB72006A76CD /* PACUtils.m in Sources */ = {isa = PBXBuildFile; fileRef = 82C2FC042726CB71006A76CD /* PACUtils.m */; };
		82C2FC072726D5D8006A76CD /* gfwlist.txt in Resources */ = {isa = PBXBuildFile; fileRef = 82C2FC062726D5D8006A76CD /* gfwlist.txt */; };
		82C2FC092726D5E2006A76CD /* user-rule.txt in Resources */ = {isa = PBXBuildFile; fileRef = 82C2FC082726D5E2006A76CD /* user-rule.txt */; };
		82C2FC0B2726D5F0006A76CD /* abp.js in Resources */ = {isa = PBXBuildFile; fileRef = 82C2FC0A2726D5F0006A76CD /* abp.js */; };
		82C2FC0F27271C25006A76CD /* Servers.m in Sources */ = {isa = PBXBuildFile; fileRef = 82C2FC0D27271C24006A76CD /* Servers.m */; };
		82C2FC1027271C25006A76CD /* Servers.xib in Resources */ = {isa = PBXBuildFile; fileRef = 82C2FC0E27271C24006A76CD /* Servers.xib */; };
		82C2FC1327272374006A76CD /* NSTextField+Copypast.m in Sources */ = {isa = PBXBuildFile; fileRef = 82C2FC1227272374006A76CD /* NSTextField+Copypast.m */; };
		82C2FC16272750E1006A76CD /* AppCommon.m in Sources */ = {isa = PBXBuildFile; fileRef = 82C2FC15272750E1006A76CD /* AppCommon.m */; };
		82C2FC1C2727644C006A76CD /* docs.png in Resources */ = {isa = PBXBuildFile; fileRef = 82C2FC1A2727644B006A76CD /* docs.png */; };
		82C2FC1D2727644C006A76CD /* docs@2x.png in Resources */ = {isa = PBXBuildFile; fileRef = 82C2FC1B2727644B006A76CD /* docs@2x.png */; };
		82C2FC2E2727FBE5006A76CD /* AFURLResponseSerialization.m in Sources */ = {isa = PBXBuildFile; fileRef = 82C2FC242727FBE1006A76CD /* AFURLResponseSerialization.m */; };
		82C2FC2F2727FBE5006A76CD /* AFHTTPSessionManager.m in Sources */ = {isa = PBXBuildFile; fileRef = 82C2FC252727FBE1006A76CD /* AFHTTPSessionManager.m */; };
		82C2FC302727FBE5006A76CD /* AFURLSessionManager.m in Sources */ = {isa = PBXBuildFile; fileRef = 82C2FC272727FBE1006A76CD /* AFURLSessionManager.m */; };
		82C2FC312727FBE5006A76CD /* AFURLRequestSerialization.m in Sources */ = {isa = PBXBuildFile; fileRef = 82C2FC282727FBE1006A76CD /* AFURLRequestSerialization.m */; };
		82C2FC322727FBE5006A76CD /* AFNetworkReachabilityManager.m in Sources */ = {isa = PBXBuildFile; fileRef = 82C2FC2A2727FBE1006A76CD /* AFNetworkReachabilityManager.m */; };
		82C2FC332727FBE5006A76CD /* AFSecurityPolicy.m in Sources */ = {isa = PBXBuildFile; fileRef = 82C2FC2B2727FBE2006A76CD /* AFSecurityPolicy.m */; };
		82C2FC3C272816A3006A76CD /* UserRules.m in Sources */ = {isa = PBXBuildFile; fileRef = 82C2FC3A272816A3006A76CD /* UserRules.m */; };
		82C2FC3D272816A3006A76CD /* UserRules.xib in Resources */ = {isa = PBXBuildFile; fileRef = 82C2FC3B272816A3006A76CD /* UserRules.xib */; };
		82E844BC272542A500F3FF1F /* AppDelegate.m in Sources */ = {isa = PBXBuildFile; fileRef = 82E844BB272542A500F3FF1F /* AppDelegate.m */; };
		82E844BE272542AE00F3FF1F /* Assets.xcassets in Resources */ = {isa = PBXBuildFile; fileRef = 82E844BD272542AE00F3FF1F /* Assets.xcassets */; };
		82E844C1272542AE00F3FF1F /* MainMenu.xib in Resources */ = {isa = PBXBuildFile; fileRef = 82E844BF272542AE00F3FF1F /* MainMenu.xib */; };
		82E844C3272542AE00F3FF1F /* main.m in Sources */ = {isa = PBXBuildFile; fileRef = 82E844C2272542AE00F3FF1F /* main.m */; };
		82E844CE272542AF00F3FF1F /* daggerTests.m in Sources */ = {isa = PBXBuildFile; fileRef = 82E844CD272542AF00F3FF1F /* daggerTests.m */; };
		82E844D8272542AF00F3FF1F /* daggerUITests.m in Sources */ = {isa = PBXBuildFile; fileRef = 82E844D7272542AF00F3FF1F /* daggerUITests.m */; };
		82E844DA272542AF00F3FF1F /* daggerUITestsLaunchTests.m in Sources */ = {isa = PBXBuildFile; fileRef = 82E844D9272542AF00F3FF1F /* daggerUITestsLaunchTests.m */; };
		82E844EC27254B8E00F3FF1F /* dagger@2x.png in Resources */ = {isa = PBXBuildFile; fileRef = 82E844EB27254B8E00F3FF1F /* dagger@2x.png */; };
		82E844F227254D6600F3FF1F /* Preferences.m in Sources */ = {isa = PBXBuildFile; fileRef = 82E844F127254D6500F3FF1F /* Preferences.m */; };
		82E8450D2725A3B900F3FF1F /* LICENSE.md in Resources */ = {isa = PBXBuildFile; fileRef = 82E844F52725A3B400F3FF1F /* LICENSE.md */; };
		82E8450E2725A3B900F3FF1F /* MASPreferencesWindow.xib in Resources */ = {isa = PBXBuildFile; fileRef = 82E844F82725A3B400F3FF1F /* MASPreferencesWindow.xib */; };
		82E8450F2725A3B900F3FF1F /* MASPreferencesWindowController.m in Sources */ = {isa = PBXBuildFile; fileRef = 82E844FC2725A3B400F3FF1F /* MASPreferencesWindowController.m */; };
		82E845102725A3B900F3FF1F /* README.md in Resources */ = {isa = PBXBuildFile; fileRef = 82E844FD2725A3B400F3FF1F /* README.md */; };
		82E8451A2725A53200F3FF1F /* PreferencesGeneral.m in Sources */ = {isa = PBXBuildFile; fileRef = 82E845182725A53200F3FF1F /* PreferencesGeneral.m */; };
		82E8451B2725A53200F3FF1F /* PreferencesGeneral.xib in Resources */ = {isa = PBXBuildFile; fileRef = 82E845192725A53200F3FF1F /* PreferencesGeneral.xib */; };
		82E8451F2725A61A00F3FF1F /* PreferencesAdvanced.m in Sources */ = {isa = PBXBuildFile; fileRef = 82E8451D2725A61A00F3FF1F /* PreferencesAdvanced.m */; };
		82E845202725A61A00F3FF1F /* PreferencesAdvanced.xib in Resources */ = {isa = PBXBuildFile; fileRef = 82E8451E2725A61A00F3FF1F /* PreferencesAdvanced.xib */; };
		82E845242725A67000F3FF1F /* PreferencesInterfaces.m in Sources */ = {isa = PBXBuildFile; fileRef = 82E845222725A67000F3FF1F /* PreferencesInterfaces.m */; };
		82E845252725A67000F3FF1F /* PreferencesInterfaces.xib in Resources */ = {isa = PBXBuildFile; fileRef = 82E845232725A67000F3FF1F /* PreferencesInterfaces.xib */; };
/* End PBXBuildFile section */

/* Begin PBXContainerItemProxy section */
		82E844CA272542AF00F3FF1F /* PBXContainerItemProxy */ = {
			isa = PBXContainerItemProxy;
			containerPortal = 82E844AF272542A400F3FF1F /* Project object */;
			proxyType = 1;
			remoteGlobalIDString = 82E844B6272542A500F3FF1F;
			remoteInfo = dagger;
		};
		82E844D4272542AF00F3FF1F /* PBXContainerItemProxy */ = {
			isa = PBXContainerItemProxy;
			containerPortal = 82E844AF272542A400F3FF1F /* Project object */;
			proxyType = 1;
			remoteGlobalIDString = 82E844B6272542A500F3FF1F;
			remoteInfo = dagger;
		};
/* End PBXContainerItemProxy section */

/* Begin PBXFileReference section */
		823CC5BE2725DAC300272DEC /* dagger-helper */ = {isa = PBXFileReference; lastKnownFileType = "compiled.mach-o.executable"; path = "dagger-helper"; sourceTree = "<group>"; };
		823CC5C52725DCB900272DEC /* ProxyConfHelper.h */ = {isa = PBXFileReference; fileEncoding = 4; lastKnownFileType = sourcecode.c.h; path = ProxyConfHelper.h; sourceTree = "<group>"; };
		823CC5C62725DCB900272DEC /* ProxyConfHelper.m */ = {isa = PBXFileReference; fileEncoding = 4; lastKnownFileType = sourcecode.c.objc; path = ProxyConfHelper.m; sourceTree = "<group>"; };
		823CC5CB2725DDBF00272DEC /* GCDWebServerFunctions.h */ = {isa = PBXFileReference; fileEncoding = 4; lastKnownFileType = sourcecode.c.h; path = GCDWebServerFunctions.h; sourceTree = "<group>"; };
		823CC5CC2725DDBF00272DEC /* GCDWebServerPrivate.h */ = {isa = PBXFileReference; fileEncoding = 4; lastKnownFileType = sourcecode.c.h; path = GCDWebServerPrivate.h; sourceTree = "<group>"; };
		823CC5CD2725DDBF00272DEC /* GCDWebServerResponse.m */ = {isa = PBXFileReference; fileEncoding = 4; lastKnownFileType = sourcecode.c.objc; path = GCDWebServerResponse.m; sourceTree = "<group>"; };
		823CC5CE2725DDBF00272DEC /* GCDWebServerConnection.h */ = {isa = PBXFileReference; fileEncoding = 4; lastKnownFileType = sourcecode.c.h; path = GCDWebServerConnection.h; sourceTree = "<group>"; };
		823CC5CF2725DDBF00272DEC /* GCDWebServer.h */ = {isa = PBXFileReference; fileEncoding = 4; lastKnownFileType = sourcecode.c.h; path = GCDWebServer.h; sourceTree = "<group>"; };
		823CC5D02725DDBF00272DEC /* GCDWebServerRequest.m */ = {isa = PBXFileReference; fileEncoding = 4; lastKnownFileType = sourcecode.c.objc; path = GCDWebServerRequest.m; sourceTree = "<group>"; };
		823CC5D12725DDBF00272DEC /* GCDWebServerHTTPStatusCodes.h */ = {isa = PBXFileReference; fileEncoding = 4; lastKnownFileType = sourcecode.c.h; path = GCDWebServerHTTPStatusCodes.h; sourceTree = "<group>"; };
		823CC5D22725DDC000272DEC /* GCDWebServerResponse.h */ = {isa = PBXFileReference; fileEncoding = 4; lastKnownFileType = sourcecode.c.h; path = GCDWebServerResponse.h; sourceTree = "<group>"; };
		823CC5D32725DDC000272DEC /* GCDWebServerFunctions.m */ = {isa = PBXFileReference; fileEncoding = 4; lastKnownFileType = sourcecode.c.objc; path = GCDWebServerFunctions.m; sourceTree = "<group>"; };
		823CC5D42725DDC000272DEC /* GCDWebServer.m */ = {isa = PBXFileReference; fileEncoding = 4; lastKnownFileType = sourcecode.c.objc; path = GCDWebServer.m; sourceTree = "<group>"; };
		823CC5D52725DDC000272DEC /* GCDWebServerConnection.m */ = {isa = PBXFileReference; fileEncoding = 4; lastKnownFileType = sourcecode.c.objc; path = GCDWebServerConnection.m; sourceTree = "<group>"; };
		823CC5D62725DDC000272DEC /* GCDWebServerRequest.h */ = {isa = PBXFileReference; fileEncoding = 4; lastKnownFileType = sourcecode.c.h; path = GCDWebServerRequest.h; sourceTree = "<group>"; };
		823CC5D82725DDC000272DEC /* GCDWebServerFileResponse.h */ = {isa = PBXFileReference; fileEncoding = 4; lastKnownFileType = sourcecode.c.h; path = GCDWebServerFileResponse.h; sourceTree = "<group>"; };
		823CC5D92725DDC000272DEC /* GCDWebServerStreamedResponse.h */ = {isa = PBXFileReference; fileEncoding = 4; lastKnownFileType = sourcecode.c.h; path = GCDWebServerStreamedResponse.h; sourceTree = "<group>"; };
		823CC5DA2725DDC000272DEC /* GCDWebServerErrorResponse.m */ = {isa = PBXFileReference; fileEncoding = 4; lastKnownFileType = sourcecode.c.objc; path = GCDWebServerErrorResponse.m; sourceTree = "<group>"; };
		823CC5DB2725DDC000272DEC /* GCDWebServerDataResponse.h */ = {isa = PBXFileReference; fileEncoding = 4; lastKnownFileType = sourcecode.c.h; path = GCDWebServerDataResponse.h; sourceTree = "<group>"; };
		823CC5DC2725DDC000272DEC /* GCDWebServerFileResponse.m */ = {isa = PBXFileReference; fileEncoding = 4; lastKnownFileType = sourcecode.c.objc; path = GCDWebServerFileResponse.m; sourceTree = "<group>"; };
		823CC5DD2725DDC000272DEC /* GCDWebServerDataResponse.m */ = {isa = PBXFileReference; fileEncoding = 4; lastKnownFileType = sourcecode.c.objc; path = GCDWebServerDataResponse.m; sourceTree = "<group>"; };
		823CC5DE2725DDC000272DEC /* GCDWebServerErrorResponse.h */ = {isa = PBXFileReference; fileEncoding = 4; lastKnownFileType = sourcecode.c.h; path = GCDWebServerErrorResponse.h; sourceTree = "<group>"; };
		823CC5DF2725DDC000272DEC /* GCDWebServerStreamedResponse.m */ = {isa = PBXFileReference; fileEncoding = 4; lastKnownFileType = sourcecode.c.objc; path = GCDWebServerStreamedResponse.m; sourceTree = "<group>"; };
		823CC5E12725DDC000272DEC /* GCDWebServerDataRequest.h */ = {isa = PBXFileReference; fileEncoding = 4; lastKnownFileType = sourcecode.c.h; path = GCDWebServerDataRequest.h; sourceTree = "<group>"; };
		823CC5E22725DDC000272DEC /* GCDWebServerMultiPartFormRequest.h */ = {isa = PBXFileReference; fileEncoding = 4; lastKnownFileType = sourcecode.c.h; path = GCDWebServerMultiPartFormRequest.h; sourceTree = "<group>"; };
		823CC5E32725DDC000272DEC /* GCDWebServerFileRequest.h */ = {isa = PBXFileReference; fileEncoding = 4; lastKnownFileType = sourcecode.c.h; path = GCDWebServerFileRequest.h; sourceTree = "<group>"; };
		823CC5E42725DDC000272DEC /* GCDWebServerURLEncodedFormRequest.m */ = {isa = PBXFileReference; fileEncoding = 4; lastKnownFileType = sourcecode.c.objc; path = GCDWebServerURLEncodedFormRequest.m; sourceTree = "<group>"; };
		823CC5E52725DDC000272DEC /* GCDWebServerMultiPartFormRequest.m */ = {isa = PBXFileReference; fileEncoding = 4; lastKnownFileType = sourcecode.c.objc; path = GCDWebServerMultiPartFormRequest.m; sourceTree = "<group>"; };
		823CC5E62725DDC000272DEC /* GCDWebServerDataRequest.m */ = {isa = PBXFileReference; fileEncoding = 4; lastKnownFileType = sourcecode.c.objc; path = GCDWebServerDataRequest.m; sourceTree = "<group>"; };
		823CC5E72725DDC000272DEC /* GCDWebServerFileRequest.m */ = {isa = PBXFileReference; fileEncoding = 4; lastKnownFileType = sourcecode.c.objc; path = GCDWebServerFileRequest.m; sourceTree = "<group>"; };
		823CC5E82725DDC000272DEC /* GCDWebServerURLEncodedFormRequest.h */ = {isa = PBXFileReference; fileEncoding = 4; lastKnownFileType = sourcecode.c.h; path = GCDWebServerURLEncodedFormRequest.h; sourceTree = "<group>"; };
		823CC5FA2725E21100272DEC /* install_helper.sh */ = {isa = PBXFileReference; fileEncoding = 4; lastKnownFileType = text.script.sh; path = install_helper.sh; sourceTree = "<group>"; };
		823CC6112725EEDF00272DEC /* ProxyConfTool.h */ = {isa = PBXFileReference; fileEncoding = 4; lastKnownFileType = sourcecode.c.h; path = ProxyConfTool.h; sourceTree = "<group>"; };
		823CC6122725EEDF00272DEC /* ProxyConfTool.m */ = {isa = PBXFileReference; fileEncoding = 4; lastKnownFileType = sourcecode.c.objc; path = ProxyConfTool.m; sourceTree = "<group>"; };
		82C2FBF32726BE22006A76CD /* menu_g_icon.png */ = {isa = PBXFileReference; lastKnownFileType = image.png; path = menu_g_icon.png; sourceTree = "<group>"; };
		82C2FBF42726BE22006A76CD /* menu_g_icon@2x.png */ = {isa = PBXFileReference; lastKnownFileType = image.png; path = "menu_g_icon@2x.png"; sourceTree = "<group>"; };
		82C2FBF72726BEE7006A76CD /* menu_p_icon.png */ = {isa = PBXFileReference; lastKnownFileType = image.png; path = menu_p_icon.png; sourceTree = "<group>"; };
		82C2FBF82726BEE7006A76CD /* menu_p_icon@2x.png */ = {isa = PBXFileReference; lastKnownFileType = image.png; path = "menu_p_icon@2x.png"; sourceTree = "<group>"; };
		82C2FBFB2726BF3F006A76CD /* menu_m_icon@2x.png */ = {isa = PBXFileReference; lastKnownFileType = image.png; path = "menu_m_icon@2x.png"; sourceTree = "<group>"; };
		82C2FBFC2726BF40006A76CD /* menu_m_icon.png */ = {isa = PBXFileReference; lastKnownFileType = image.png; path = menu_m_icon.png; sourceTree = "<group>"; };
		82C2FC032726CB71006A76CD /* PACUtils.h */ = {isa = PBXFileReference; fileEncoding = 4; lastKnownFileType = sourcecode.c.h; path = PACUtils.h; sourceTree = "<group>"; };
		82C2FC042726CB71006A76CD /* PACUtils.m */ = {isa = PBXFileReference; fileEncoding = 4; lastKnownFileType = sourcecode.c.objc; path = PACUtils.m; sourceTree = "<group>"; };
		82C2FC062726D5D8006A76CD /* gfwlist.txt */ = {isa = PBXFileReference; fileEncoding = 4; lastKnownFileType = text; path = gfwlist.txt; sourceTree = "<group>"; };
		82C2FC082726D5E2006A76CD /* user-rule.txt */ = {isa = PBXFileReference; fileEncoding = 4; lastKnownFileType = text; path = "user-rule.txt"; sourceTree = "<group>"; };
		82C2FC0A2726D5F0006A76CD /* abp.js */ = {isa = PBXFileReference; fileEncoding = 4; lastKnownFileType = sourcecode.javascript; path = abp.js; sourceTree = "<group>"; };
		82C2FC0C27271C24006A76CD /* Servers.h */ = {isa = PBXFileReference; lastKnownFileType = sourcecode.c.h; path = Servers.h; sourceTree = "<group>"; };
		82C2FC0D27271C24006A76CD /* Servers.m */ = {isa = PBXFileReference; lastKnownFileType = sourcecode.c.objc; path = Servers.m; sourceTree = "<group>"; };
		82C2FC0E27271C24006A76CD /* Servers.xib */ = {isa = PBXFileReference; lastKnownFileType = file.xib; path = Servers.xib; sourceTree = "<group>"; };
		82C2FC1127272373006A76CD /* NSTextField+Copypast.h */ = {isa = PBXFileReference; fileEncoding = 4; lastKnownFileType = sourcecode.c.h; path = "NSTextField+Copypast.h"; sourceTree = "<group>"; };
		82C2FC1227272374006A76CD /* NSTextField+Copypast.m */ = {isa = PBXFileReference; fileEncoding = 4; lastKnownFileType = sourcecode.c.objc; path = "NSTextField+Copypast.m"; sourceTree = "<group>"; };
		82C2FC14272750E1006A76CD /* AppCommon.h */ = {isa = PBXFileReference; lastKnownFileType = sourcecode.c.h; path = AppCommon.h; sourceTree = "<group>"; };
		82C2FC15272750E1006A76CD /* AppCommon.m */ = {isa = PBXFileReference; lastKnownFileType = sourcecode.c.objc; path = AppCommon.m; sourceTree = "<group>"; };
		82C2FC1A2727644B006A76CD /* docs.png */ = {isa = PBXFileReference; lastKnownFileType = image.png; path = docs.png; sourceTree = "<group>"; };
		82C2FC1B2727644B006A76CD /* docs@2x.png */ = {isa = PBXFileReference; lastKnownFileType = image.png; path = "docs@2x.png"; sourceTree = "<group>"; };
		82C2FC202727FBE1006A76CD /* AFSecurityPolicy.h */ = {isa = PBXFileReference; fileEncoding = 4; lastKnownFileType = sourcecode.c.h; path = AFSecurityPolicy.h; sourceTree = "<group>"; };
		82C2FC212727FBE1006A76CD /* AFNetworkReachabilityManager.h */ = {isa = PBXFileReference; fileEncoding = 4; lastKnownFileType = sourcecode.c.h; path = AFNetworkReachabilityManager.h; sourceTree = "<group>"; };
		82C2FC222727FBE1006A76CD /* AFURLSessionManager.h */ = {isa = PBXFileReference; fileEncoding = 4; lastKnownFileType = sourcecode.c.h; path = AFURLSessionManager.h; sourceTree = "<group>"; };
		82C2FC232727FBE1006A76CD /* AFURLRequestSerialization.h */ = {isa = PBXFileReference; fileEncoding = 4; lastKnownFileType = sourcecode.c.h; path = AFURLRequestSerialization.h; sourceTree = "<group>"; };
		82C2FC242727FBE1006A76CD /* AFURLResponseSerialization.m */ = {isa = PBXFileReference; fileEncoding = 4; lastKnownFileType = sourcecode.c.objc; path = AFURLResponseSerialization.m; sourceTree = "<group>"; };
		82C2FC252727FBE1006A76CD /* AFHTTPSessionManager.m */ = {isa = PBXFileReference; fileEncoding = 4; lastKnownFileType = sourcecode.c.objc; path = AFHTTPSessionManager.m; sourceTree = "<group>"; };
		82C2FC262727FBE1006A76CD /* AFURLResponseSerialization.h */ = {isa = PBXFileReference; fileEncoding = 4; lastKnownFileType = sourcecode.c.h; path = AFURLResponseSerialization.h; sourceTree = "<group>"; };
		82C2FC272727FBE1006A76CD /* AFURLSessionManager.m */ = {isa = PBXFileReference; fileEncoding = 4; lastKnownFileType = sourcecode.c.objc; path = AFURLSessionManager.m; sourceTree = "<group>"; };
		82C2FC282727FBE1006A76CD /* AFURLRequestSerialization.m */ = {isa = PBXFileReference; fileEncoding = 4; lastKnownFileType = sourcecode.c.objc; path = AFURLRequestSerialization.m; sourceTree = "<group>"; };
		82C2FC292727FBE1006A76CD /* AFNetworking.h */ = {isa = PBXFileReference; fileEncoding = 4; lastKnownFileType = sourcecode.c.h; path = AFNetworking.h; sourceTree = "<group>"; };
		82C2FC2A2727FBE1006A76CD /* AFNetworkReachabilityManager.m */ = {isa = PBXFileReference; fileEncoding = 4; lastKnownFileType = sourcecode.c.objc; path = AFNetworkReachabilityManager.m; sourceTree = "<group>"; };
		82C2FC2B2727FBE2006A76CD /* AFSecurityPolicy.m */ = {isa = PBXFileReference; fileEncoding = 4; lastKnownFileType = sourcecode.c.objc; path = AFSecurityPolicy.m; sourceTree = "<group>"; };
		82C2FC2C2727FBE2006A76CD /* AFCompatibilityMacros.h */ = {isa = PBXFileReference; fileEncoding = 4; lastKnownFileType = sourcecode.c.h; path = AFCompatibilityMacros.h; sourceTree = "<group>"; };
		82C2FC2D2727FBE2006A76CD /* AFHTTPSessionManager.h */ = {isa = PBXFileReference; fileEncoding = 4; lastKnownFileType = sourcecode.c.h; path = AFHTTPSessionManager.h; sourceTree = "<group>"; };
		82C2FC3427280586006A76CD /* dagger.entitlements */ = {isa = PBXFileReference; fileEncoding = 4; lastKnownFileType = text.plist.entitlements; path = dagger.entitlements; sourceTree = "<group>"; };
		82C2FC39272816A3006A76CD /* UserRules.h */ = {isa = PBXFileReference; lastKnownFileType = sourcecode.c.h; path = UserRules.h; sourceTree = "<group>"; };
		82C2FC3A272816A3006A76CD /* UserRules.m */ = {isa = PBXFileReference; lastKnownFileType = sourcecode.c.objc; path = UserRules.m; sourceTree = "<group>"; };
		82C2FC3B272816A3006A76CD /* UserRules.xib */ = {isa = PBXFileReference; lastKnownFileType = file.xib; path = UserRules.xib; sourceTree = "<group>"; };
		82E844B7272542A500F3FF1F /* dagger.app */ = {isa = PBXFileReference; explicitFileType = wrapper.application; includeInIndex = 0; path = dagger.app; sourceTree = BUILT_PRODUCTS_DIR; };
		82E844BA272542A500F3FF1F /* AppDelegate.h */ = {isa = PBXFileReference; lastKnownFileType = sourcecode.c.h; path = AppDelegate.h; sourceTree = "<group>"; };
		82E844BB272542A500F3FF1F /* AppDelegate.m */ = {isa = PBXFileReference; lastKnownFileType = sourcecode.c.objc; path = AppDelegate.m; sourceTree = "<group>"; };
		82E844BD272542AE00F3FF1F /* Assets.xcassets */ = {isa = PBXFileReference; lastKnownFileType = folder.assetcatalog; path = Assets.xcassets; sourceTree = "<group>"; };
		82E844C0272542AE00F3FF1F /* Base */ = {isa = PBXFileReference; lastKnownFileType = file.xib; name = Base; path = Base.lproj/MainMenu.xib; sourceTree = "<group>"; };
		82E844C2272542AE00F3FF1F /* main.m */ = {isa = PBXFileReference; lastKnownFileType = sourcecode.c.objc; path = main.m; sourceTree = "<group>"; };
		82E844C9272542AE00F3FF1F /* daggerTests.xctest */ = {isa = PBXFileReference; explicitFileType = wrapper.cfbundle; includeInIndex = 0; path = daggerTests.xctest; sourceTree = BUILT_PRODUCTS_DIR; };
		82E844CD272542AF00F3FF1F /* daggerTests.m */ = {isa = PBXFileReference; lastKnownFileType = sourcecode.c.objc; path = daggerTests.m; sourceTree = "<group>"; };
		82E844D3272542AF00F3FF1F /* daggerUITests.xctest */ = {isa = PBXFileReference; explicitFileType = wrapper.cfbundle; includeInIndex = 0; path = daggerUITests.xctest; sourceTree = BUILT_PRODUCTS_DIR; };
		82E844D7272542AF00F3FF1F /* daggerUITests.m */ = {isa = PBXFileReference; lastKnownFileType = sourcecode.c.objc; path = daggerUITests.m; sourceTree = "<group>"; };
		82E844D9272542AF00F3FF1F /* daggerUITestsLaunchTests.m */ = {isa = PBXFileReference; lastKnownFileType = sourcecode.c.objc; path = daggerUITestsLaunchTests.m; sourceTree = "<group>"; };
		82E844E62725442400F3FF1F /* Info.plist */ = {isa = PBXFileReference; lastKnownFileType = text.plist; path = Info.plist; sourceTree = "<group>"; };
		82E844EB27254B8E00F3FF1F /* dagger@2x.png */ = {isa = PBXFileReference; lastKnownFileType = image.png; path = "dagger@2x.png"; sourceTree = "<group>"; };
		82E844F027254D6500F3FF1F /* Preferences.h */ = {isa = PBXFileReference; lastKnownFileType = sourcecode.c.h; path = Preferences.h; sourceTree = "<group>"; };
		82E844F127254D6500F3FF1F /* Preferences.m */ = {isa = PBXFileReference; lastKnownFileType = sourcecode.c.objc; path = Preferences.m; sourceTree = "<group>"; };
		82E844F52725A3B400F3FF1F /* LICENSE.md */ = {isa = PBXFileReference; fileEncoding = 4; lastKnownFileType = net.daringfireball.markdown; path = LICENSE.md; sourceTree = "<group>"; };
		82E844F72725A3B400F3FF1F /* MASPreferencesViewController.h */ = {isa = PBXFileReference; fileEncoding = 4; lastKnownFileType = sourcecode.c.h; path = MASPreferencesViewController.h; sourceTree = "<group>"; };
		82E844F92725A3B400F3FF1F /* en */ = {isa = PBXFileReference; lastKnownFileType = file.xib; name = en; path = en.lproj/MASPreferencesWindow.xib; sourceTree = "<group>"; };
		82E844FA2725A3B400F3FF1F /* MASPreferencesWindowController.h */ = {isa = PBXFileReference; fileEncoding = 4; lastKnownFileType = sourcecode.c.h; path = MASPreferencesWindowController.h; sourceTree = "<group>"; };
		82E844FB2725A3B400F3FF1F /* MASPreferences.h */ = {isa = PBXFileReference; fileEncoding = 4; lastKnownFileType = sourcecode.c.h; path = MASPreferences.h; sourceTree = "<group>"; };
		82E844FC2725A3B400F3FF1F /* MASPreferencesWindowController.m */ = {isa = PBXFileReference; fileEncoding = 4; lastKnownFileType = sourcecode.c.objc; path = MASPreferencesWindowController.m; sourceTree = "<group>"; };
		82E844FD2725A3B400F3FF1F /* README.md */ = {isa = PBXFileReference; fileEncoding = 4; lastKnownFileType = net.daringfireball.markdown; path = README.md; sourceTree = "<group>"; };
		82E845172725A53200F3FF1F /* PreferencesGeneral.h */ = {isa = PBXFileReference; lastKnownFileType = sourcecode.c.h; path = PreferencesGeneral.h; sourceTree = "<group>"; };
		82E845182725A53200F3FF1F /* PreferencesGeneral.m */ = {isa = PBXFileReference; lastKnownFileType = sourcecode.c.objc; path = PreferencesGeneral.m; sourceTree = "<group>"; };
		82E845192725A53200F3FF1F /* PreferencesGeneral.xib */ = {isa = PBXFileReference; lastKnownFileType = file.xib; path = PreferencesGeneral.xib; sourceTree = "<group>"; };
		82E8451C2725A61A00F3FF1F /* PreferencesAdvanced.h */ = {isa = PBXFileReference; lastKnownFileType = sourcecode.c.h; path = PreferencesAdvanced.h; sourceTree = "<group>"; };
		82E8451D2725A61A00F3FF1F /* PreferencesAdvanced.m */ = {isa = PBXFileReference; lastKnownFileType = sourcecode.c.objc; path = PreferencesAdvanced.m; sourceTree = "<group>"; };
		82E8451E2725A61A00F3FF1F /* PreferencesAdvanced.xib */ = {isa = PBXFileReference; lastKnownFileType = file.xib; path = PreferencesAdvanced.xib; sourceTree = "<group>"; };
		82E845212725A67000F3FF1F /* PreferencesInterfaces.h */ = {isa = PBXFileReference; lastKnownFileType = sourcecode.c.h; path = PreferencesInterfaces.h; sourceTree = "<group>"; };
		82E845222725A67000F3FF1F /* PreferencesInterfaces.m */ = {isa = PBXFileReference; lastKnownFileType = sourcecode.c.objc; path = PreferencesInterfaces.m; sourceTree = "<group>"; };
		82E845232725A67000F3FF1F /* PreferencesInterfaces.xib */ = {isa = PBXFileReference; lastKnownFileType = file.xib; path = PreferencesInterfaces.xib; sourceTree = "<group>"; };
/* End PBXFileReference section */

/* Begin PBXFrameworksBuildPhase section */
		82E844B4272542A500F3FF1F /* Frameworks */ = {
			isa = PBXFrameworksBuildPhase;
			buildActionMask = 2147483647;
			files = (
			);
			runOnlyForDeploymentPostprocessing = 0;
		};
		82E844C6272542AE00F3FF1F /* Frameworks */ = {
			isa = PBXFrameworksBuildPhase;
			buildActionMask = 2147483647;
			files = (
			);
			runOnlyForDeploymentPostprocessing = 0;
		};
		82E844D0272542AF00F3FF1F /* Frameworks */ = {
			isa = PBXFrameworksBuildPhase;
			buildActionMask = 2147483647;
			files = (
			);
			runOnlyForDeploymentPostprocessing = 0;
		};
/* End PBXFrameworksBuildPhase section */

/* Begin PBXGroup section */
		823CC5C02725DBF200272DEC /* Servers */ = {
			isa = PBXGroup;
			children = (
				82C2FC0C27271C24006A76CD /* Servers.h */,
				82C2FC0D27271C24006A76CD /* Servers.m */,
				82C2FC0E27271C24006A76CD /* Servers.xib */,
			);
			path = Servers;
			sourceTree = "<group>";
		};
		823CC5C42725DCB900272DEC /* ProxyConfHelper */ = {
			isa = PBXGroup;
			children = (
				823CC6112725EEDF00272DEC /* ProxyConfTool.h */,
				823CC6122725EEDF00272DEC /* ProxyConfTool.m */,
				823CC5C52725DCB900272DEC /* ProxyConfHelper.h */,
				823CC5C62725DCB900272DEC /* ProxyConfHelper.m */,
			);
			path = ProxyConfHelper;
			sourceTree = "<group>";
		};
		823CC5C82725DDBF00272DEC /* GCDWebServer */ = {
			isa = PBXGroup;
			children = (
				823CC5C92725DDBF00272DEC /* GCDWebServer */,
			);
			path = GCDWebServer;
			sourceTree = "<group>";
		};
		823CC5C92725DDBF00272DEC /* GCDWebServer */ = {
			isa = PBXGroup;
			children = (
				823CC5CA2725DDBF00272DEC /* Core */,
				823CC5D72725DDC000272DEC /* Responses */,
				823CC5E02725DDC000272DEC /* Requests */,
			);
			path = GCDWebServer;
			sourceTree = "<group>";
		};
		823CC5CA2725DDBF00272DEC /* Core */ = {
			isa = PBXGroup;
			children = (
				823CC5CB2725DDBF00272DEC /* GCDWebServerFunctions.h */,
				823CC5CC2725DDBF00272DEC /* GCDWebServerPrivate.h */,
				823CC5CD2725DDBF00272DEC /* GCDWebServerResponse.m */,
				823CC5CE2725DDBF00272DEC /* GCDWebServerConnection.h */,
				823CC5CF2725DDBF00272DEC /* GCDWebServer.h */,
				823CC5D02725DDBF00272DEC /* GCDWebServerRequest.m */,
				823CC5D12725DDBF00272DEC /* GCDWebServerHTTPStatusCodes.h */,
				823CC5D22725DDC000272DEC /* GCDWebServerResponse.h */,
				823CC5D32725DDC000272DEC /* GCDWebServerFunctions.m */,
				823CC5D42725DDC000272DEC /* GCDWebServer.m */,
				823CC5D52725DDC000272DEC /* GCDWebServerConnection.m */,
				823CC5D62725DDC000272DEC /* GCDWebServerRequest.h */,
			);
			path = Core;
			sourceTree = "<group>";
		};
		823CC5D72725DDC000272DEC /* Responses */ = {
			isa = PBXGroup;
			children = (
				823CC5D82725DDC000272DEC /* GCDWebServerFileResponse.h */,
				823CC5D92725DDC000272DEC /* GCDWebServerStreamedResponse.h */,
				823CC5DA2725DDC000272DEC /* GCDWebServerErrorResponse.m */,
				823CC5DB2725DDC000272DEC /* GCDWebServerDataResponse.h */,
				823CC5DC2725DDC000272DEC /* GCDWebServerFileResponse.m */,
				823CC5DD2725DDC000272DEC /* GCDWebServerDataResponse.m */,
				823CC5DE2725DDC000272DEC /* GCDWebServerErrorResponse.h */,
				823CC5DF2725DDC000272DEC /* GCDWebServerStreamedResponse.m */,
			);
			path = Responses;
			sourceTree = "<group>";
		};
		823CC5E02725DDC000272DEC /* Requests */ = {
			isa = PBXGroup;
			children = (
				823CC5E12725DDC000272DEC /* GCDWebServerDataRequest.h */,
				823CC5E22725DDC000272DEC /* GCDWebServerMultiPartFormRequest.h */,
				823CC5E32725DDC000272DEC /* GCDWebServerFileRequest.h */,
				823CC5E42725DDC000272DEC /* GCDWebServerURLEncodedFormRequest.m */,
				823CC5E52725DDC000272DEC /* GCDWebServerMultiPartFormRequest.m */,
				823CC5E62725DDC000272DEC /* GCDWebServerDataRequest.m */,
				823CC5E72725DDC000272DEC /* GCDWebServerFileRequest.m */,
				823CC5E82725DDC000272DEC /* GCDWebServerURLEncodedFormRequest.h */,
			);
			path = Requests;
			sourceTree = "<group>";
		};
		82C2FC022726CB71006A76CD /* PACUtils */ = {
			isa = PBXGroup;
			children = (
				82C2FC032726CB71006A76CD /* PACUtils.h */,
				82C2FC042726CB71006A76CD /* PACUtils.m */,
			);
			path = PACUtils;
			sourceTree = "<group>";
		};
		82C2FC1F2727FBE1006A76CD /* AFNetworking */ = {
			isa = PBXGroup;
			children = (
				82C2FC202727FBE1006A76CD /* AFSecurityPolicy.h */,
				82C2FC212727FBE1006A76CD /* AFNetworkReachabilityManager.h */,
				82C2FC222727FBE1006A76CD /* AFURLSessionManager.h */,
				82C2FC232727FBE1006A76CD /* AFURLRequestSerialization.h */,
				82C2FC242727FBE1006A76CD /* AFURLResponseSerialization.m */,
				82C2FC252727FBE1006A76CD /* AFHTTPSessionManager.m */,
				82C2FC262727FBE1006A76CD /* AFURLResponseSerialization.h */,
				82C2FC272727FBE1006A76CD /* AFURLSessionManager.m */,
				82C2FC282727FBE1006A76CD /* AFURLRequestSerialization.m */,
				82C2FC292727FBE1006A76CD /* AFNetworking.h */,
				82C2FC2A2727FBE1006A76CD /* AFNetworkReachabilityManager.m */,
				82C2FC2B2727FBE2006A76CD /* AFSecurityPolicy.m */,
				82C2FC2C2727FBE2006A76CD /* AFCompatibilityMacros.h */,
				82C2FC2D2727FBE2006A76CD /* AFHTTPSessionManager.h */,
			);
			path = AFNetworking;
			sourceTree = "<group>";
		};
		82C2FC35272815B3006A76CD /* UserRules */ = {
			isa = PBXGroup;
			children = (
				82C2FC39272816A3006A76CD /* UserRules.h */,
				82C2FC3A272816A3006A76CD /* UserRules.m */,
				82C2FC3B272816A3006A76CD /* UserRules.xib */,
			);
			path = UserRules;
			sourceTree = "<group>";
		};
		82E844AE272542A400F3FF1F = {
			isa = PBXGroup;
			children = (
				82E844B9272542A500F3FF1F /* dagger */,
				82E844CC272542AF00F3FF1F /* daggerTests */,
				82E844D6272542AF00F3FF1F /* daggerUITests */,
				82E844B8272542A500F3FF1F /* Products */,
			);
			sourceTree = "<group>";
		};
		82E844B8272542A500F3FF1F /* Products */ = {
			isa = PBXGroup;
			children = (
				82E844B7272542A500F3FF1F /* dagger.app */,
				82E844C9272542AE00F3FF1F /* daggerTests.xctest */,
				82E844D3272542AF00F3FF1F /* daggerUITests.xctest */,
			);
			name = Products;
			sourceTree = "<group>";
		};
		82E844B9272542A500F3FF1F /* dagger */ = {
			isa = PBXGroup;
			children = (
				82C2FC35272815B3006A76CD /* UserRules */,
				823CC5C02725DBF200272DEC /* Servers */,
				82E844F32725A3B400F3FF1F /* Util */,
				82E844ED27254BAB00F3FF1F /* Preferences */,
				82E844E72725459600F3FF1F /* Resources */,
				82E844E62725442400F3FF1F /* Info.plist */,
				82E844BA272542A500F3FF1F /* AppDelegate.h */,
				82E844BB272542A500F3FF1F /* AppDelegate.m */,
				82E844BD272542AE00F3FF1F /* Assets.xcassets */,
				82E844BF272542AE00F3FF1F /* MainMenu.xib */,
				82E844C2272542AE00F3FF1F /* main.m */,
				82C2FC14272750E1006A76CD /* AppCommon.h */,
				82C2FC15272750E1006A76CD /* AppCommon.m */,
				82C2FC3427280586006A76CD /* dagger.entitlements */,
			);
			path = dagger;
			sourceTree = "<group>";
		};
		82E844CC272542AF00F3FF1F /* daggerTests */ = {
			isa = PBXGroup;
			children = (
				82E844CD272542AF00F3FF1F /* daggerTests.m */,
			);
			path = daggerTests;
			sourceTree = "<group>";
		};
		82E844D6272542AF00F3FF1F /* daggerUITests */ = {
			isa = PBXGroup;
			children = (
				82E844D7272542AF00F3FF1F /* daggerUITests.m */,
				82E844D9272542AF00F3FF1F /* daggerUITestsLaunchTests.m */,
			);
			path = daggerUITests;
			sourceTree = "<group>";
		};
		82E844E72725459600F3FF1F /* Resources */ = {
			isa = PBXGroup;
			children = (
				82C2FC1A2727644B006A76CD /* docs.png */,
				82C2FC1B2727644B006A76CD /* docs@2x.png */,
				82C2FC0A2726D5F0006A76CD /* abp.js */,
				82C2FC082726D5E2006A76CD /* user-rule.txt */,
				82C2FC062726D5D8006A76CD /* gfwlist.txt */,
				82C2FBFC2726BF40006A76CD /* menu_m_icon.png */,
				82C2FBFB2726BF3F006A76CD /* menu_m_icon@2x.png */,
				82C2FBF72726BEE7006A76CD /* menu_p_icon.png */,
				82C2FBF82726BEE7006A76CD /* menu_p_icon@2x.png */,
				82C2FBF32726BE22006A76CD /* menu_g_icon.png */,
				82C2FBF42726BE22006A76CD /* menu_g_icon@2x.png */,
				823CC5FA2725E21100272DEC /* install_helper.sh */,
				823CC5BE2725DAC300272DEC /* dagger-helper */,
				82E844EB27254B8E00F3FF1F /* dagger@2x.png */,
			);
			path = Resources;
			sourceTree = "<group>";
		};
		82E844ED27254BAB00F3FF1F /* Preferences */ = {
			isa = PBXGroup;
			children = (
				82E844F027254D6500F3FF1F /* Preferences.h */,
				82E844F127254D6500F3FF1F /* Preferences.m */,
				82E845172725A53200F3FF1F /* PreferencesGeneral.h */,
				82E845182725A53200F3FF1F /* PreferencesGeneral.m */,
				82E845192725A53200F3FF1F /* PreferencesGeneral.xib */,
				82E8451C2725A61A00F3FF1F /* PreferencesAdvanced.h */,
				82E8451D2725A61A00F3FF1F /* PreferencesAdvanced.m */,
				82E8451E2725A61A00F3FF1F /* PreferencesAdvanced.xib */,
				82E845212725A67000F3FF1F /* PreferencesInterfaces.h */,
				82E845222725A67000F3FF1F /* PreferencesInterfaces.m */,
				82E845232725A67000F3FF1F /* PreferencesInterfaces.xib */,
			);
			path = Preferences;
			sourceTree = "<group>";
		};
		82E844F32725A3B400F3FF1F /* Util */ = {
			isa = PBXGroup;
			children = (
				82C2FC1F2727FBE1006A76CD /* AFNetworking */,
				82C2FC1127272373006A76CD /* NSTextField+Copypast.h */,
				82C2FC1227272374006A76CD /* NSTextField+Copypast.m */,
				82C2FC022726CB71006A76CD /* PACUtils */,
				823CC5C82725DDBF00272DEC /* GCDWebServer */,
				823CC5C42725DCB900272DEC /* ProxyConfHelper */,
				82E844F42725A3B400F3FF1F /* MASPreferences */,
			);
			path = Util;
			sourceTree = "<group>";
		};
		82E844F42725A3B400F3FF1F /* MASPreferences */ = {
			isa = PBXGroup;
			children = (
				82E844F52725A3B400F3FF1F /* LICENSE.md */,
				82E844F62725A3B400F3FF1F /* Framework */,
				82E844FD2725A3B400F3FF1F /* README.md */,
			);
			path = MASPreferences;
			sourceTree = "<group>";
		};
		82E844F62725A3B400F3FF1F /* Framework */ = {
			isa = PBXGroup;
			children = (
				82E844F72725A3B400F3FF1F /* MASPreferencesViewController.h */,
				82E844F82725A3B400F3FF1F /* MASPreferencesWindow.xib */,
				82E844FA2725A3B400F3FF1F /* MASPreferencesWindowController.h */,
				82E844FB2725A3B400F3FF1F /* MASPreferences.h */,
				82E844FC2725A3B400F3FF1F /* MASPreferencesWindowController.m */,
			);
			path = Framework;
			sourceTree = "<group>";
		};
/* End PBXGroup section */

/* Begin PBXNativeTarget section */
		82E844B6272542A500F3FF1F /* dagger */ = {
			isa = PBXNativeTarget;
			buildConfigurationList = 82E844DD272542AF00F3FF1F /* Build configuration list for PBXNativeTarget "dagger" */;
			buildPhases = (
				82E844B3272542A500F3FF1F /* Sources */,
				82E844B4272542A500F3FF1F /* Frameworks */,
				82E844B5272542A500F3FF1F /* Resources */,
			);
			buildRules = (
			);
			dependencies = (
			);
			name = dagger;
			productName = dagger;
			productReference = 82E844B7272542A500F3FF1F /* dagger.app */;
			productType = "com.apple.product-type.application";
		};
		82E844C8272542AE00F3FF1F /* daggerTests */ = {
			isa = PBXNativeTarget;
			buildConfigurationList = 82E844E0272542AF00F3FF1F /* Build configuration list for PBXNativeTarget "daggerTests" */;
			buildPhases = (
				82E844C5272542AE00F3FF1F /* Sources */,
				82E844C6272542AE00F3FF1F /* Frameworks */,
				82E844C7272542AE00F3FF1F /* Resources */,
			);
			buildRules = (
			);
			dependencies = (
				82E844CB272542AF00F3FF1F /* PBXTargetDependency */,
			);
			name = daggerTests;
			productName = daggerTests;
			productReference = 82E844C9272542AE00F3FF1F /* daggerTests.xctest */;
			productType = "com.apple.product-type.bundle.unit-test";
		};
		82E844D2272542AF00F3FF1F /* daggerUITests */ = {
			isa = PBXNativeTarget;
			buildConfigurationList = 82E844E3272542AF00F3FF1F /* Build configuration list for PBXNativeTarget "daggerUITests" */;
			buildPhases = (
				82E844CF272542AF00F3FF1F /* Sources */,
				82E844D0272542AF00F3FF1F /* Frameworks */,
				82E844D1272542AF00F3FF1F /* Resources */,
			);
			buildRules = (
			);
			dependencies = (
				82E844D5272542AF00F3FF1F /* PBXTargetDependency */,
			);
			name = daggerUITests;
			productName = daggerUITests;
			productReference = 82E844D3272542AF00F3FF1F /* daggerUITests.xctest */;
			productType = "com.apple.product-type.bundle.ui-testing";
		};
/* End PBXNativeTarget section */

/* Begin PBXProject section */
		82E844AF272542A400F3FF1F /* Project object */ = {
			isa = PBXProject;
			attributes = {
				BuildIndependentTargetsInParallel = 1;
				LastUpgradeCheck = 1300;
				TargetAttributes = {
					82E844B6272542A500F3FF1F = {
						CreatedOnToolsVersion = 13.0;
					};
					82E844C8272542AE00F3FF1F = {
						CreatedOnToolsVersion = 13.0;
						TestTargetID = 82E844B6272542A500F3FF1F;
					};
					82E844D2272542AF00F3FF1F = {
						CreatedOnToolsVersion = 13.0;
						TestTargetID = 82E844B6272542A500F3FF1F;
					};
				};
			};
			buildConfigurationList = 82E844B2272542A400F3FF1F /* Build configuration list for PBXProject "dagger" */;
			compatibilityVersion = "Xcode 13.0";
			developmentRegion = en;
			hasScannedForEncodings = 0;
			knownRegions = (
				en,
				Base,
			);
			mainGroup = 82E844AE272542A400F3FF1F;
			productRefGroup = 82E844B8272542A500F3FF1F /* Products */;
			projectDirPath = "";
			projectRoot = "";
			targets = (
				82E844B6272542A500F3FF1F /* dagger */,
				82E844C8272542AE00F3FF1F /* daggerTests */,
				82E844D2272542AF00F3FF1F /* daggerUITests */,
			);
		};
/* End PBXProject section */

/* Begin PBXResourcesBuildPhase section */
		82E844B5272542A500F3FF1F /* Resources */ = {
			isa = PBXResourcesBuildPhase;
			buildActionMask = 2147483647;
			files = (
				82C2FC3D272816A3006A76CD /* UserRules.xib in Resources */,
				82C2FC0B2726D5F0006A76CD /* abp.js in Resources */,
				82C2FBF92726BEE7006A76CD /* menu_p_icon.png in Resources */,
				823CC5BF2725DAC300272DEC /* dagger-helper in Resources */,
				82C2FBF52726BE23006A76CD /* menu_g_icon.png in Resources */,
				82C2FC1D2727644C006A76CD /* docs@2x.png in Resources */,
				82C2FBFE2726BF40006A76CD /* menu_m_icon.png in Resources */,
				82E844EC27254B8E00F3FF1F /* dagger@2x.png in Resources */,
				82E8451B2725A53200F3FF1F /* PreferencesGeneral.xib in Resources */,
				82E845252725A67000F3FF1F /* PreferencesInterfaces.xib in Resources */,
				82C2FC1C2727644C006A76CD /* docs.png in Resources */,
				82E844BE272542AE00F3FF1F /* Assets.xcassets in Resources */,
				82E844C1272542AE00F3FF1F /* MainMenu.xib in Resources */,
				82C2FC1027271C25006A76CD /* Servers.xib in Resources */,
				82C2FBFD2726BF40006A76CD /* menu_m_icon@2x.png in Resources */,
				823CC5FB2725E21100272DEC /* install_helper.sh in Resources */,
				82E8450D2725A3B900F3FF1F /* LICENSE.md in Resources */,
				82C2FBF62726BE23006A76CD /* menu_g_icon@2x.png in Resources */,
				82C2FC092726D5E2006A76CD /* user-rule.txt in Resources */,
				82C2FC072726D5D8006A76CD /* gfwlist.txt in Resources */,
				82C2FBFA2726BEE7006A76CD /* menu_p_icon@2x.png in Resources */,
				82E845102725A3B900F3FF1F /* README.md in Resources */,
				82E845202725A61A00F3FF1F /* PreferencesAdvanced.xib in Resources */,
				82E8450E2725A3B900F3FF1F /* MASPreferencesWindow.xib in Resources */,
			);
			runOnlyForDeploymentPostprocessing = 0;
		};
		82E844C7272542AE00F3FF1F /* Resources */ = {
			isa = PBXResourcesBuildPhase;
			buildActionMask = 2147483647;
			files = (
			);
			runOnlyForDeploymentPostprocessing = 0;
		};
		82E844D1272542AF00F3FF1F /* Resources */ = {
			isa = PBXResourcesBuildPhase;
			buildActionMask = 2147483647;
			files = (
			);
			runOnlyForDeploymentPostprocessing = 0;
		};
/* End PBXResourcesBuildPhase section */

/* Begin PBXSourcesBuildPhase section */
		82E844B3272542A500F3FF1F /* Sources */ = {
			isa = PBXSourcesBuildPhase;
			buildActionMask = 2147483647;
			files = (
				823CC5EF2725DDC000272DEC /* GCDWebServerConnection.m in Sources */,
				82C2FC322727FBE5006A76CD /* AFNetworkReachabilityManager.m in Sources */,
				823CC5F42725DDC000272DEC /* GCDWebServerURLEncodedFormRequest.m in Sources */,
				823CC5F62725DDC000272DEC /* GCDWebServerDataRequest.m in Sources */,
				823CC5F22725DDC000272DEC /* GCDWebServerDataResponse.m in Sources */,
				82C2FC3C272816A3006A76CD /* UserRules.m in Sources */,
				823CC5F32725DDC000272DEC /* GCDWebServerStreamedResponse.m in Sources */,
				82C2FC302727FBE5006A76CD /* AFURLSessionManager.m in Sources */,
				823CC5ED2725DDC000272DEC /* GCDWebServerFunctions.m in Sources */,
				823CC5F02725DDC000272DEC /* GCDWebServerErrorResponse.m in Sources */,
				823CC5F52725DDC000272DEC /* GCDWebServerMultiPartFormRequest.m in Sources */,
				82E8450F2725A3B900F3FF1F /* MASPreferencesWindowController.m in Sources */,
				823CC5F12725DDC000272DEC /* GCDWebServerFileResponse.m in Sources */,
				82E844C3272542AE00F3FF1F /* main.m in Sources */,
				82E844BC272542A500F3FF1F /* AppDelegate.m in Sources */,
				82E8451A2725A53200F3FF1F /* PreferencesGeneral.m in Sources */,
				82C2FC1327272374006A76CD /* NSTextField+Copypast.m in Sources */,
				823CC5EC2725DDC000272DEC /* GCDWebServerRequest.m in Sources */,
				82C2FC0F27271C25006A76CD /* Servers.m in Sources */,
				82C2FC16272750E1006A76CD /* AppCommon.m in Sources */,
				823CC5C72725DCB900272DEC /* ProxyConfHelper.m in Sources */,
				823CC5EB2725DDC000272DEC /* GCDWebServerResponse.m in Sources */,
				82C2FC2F2727FBE5006A76CD /* AFHTTPSessionManager.m in Sources */,
				82C2FC2E2727FBE5006A76CD /* AFURLResponseSerialization.m in Sources */,
				823CC6132725EEE000272DEC /* ProxyConfTool.m in Sources */,
				823CC5EE2725DDC000272DEC /* GCDWebServer.m in Sources */,
				82C2FC052726CB72006A76CD /* PACUtils.m in Sources */,
				823CC5F72725DDC000272DEC /* GCDWebServerFileRequest.m in Sources */,
				82E845242725A67000F3FF1F /* PreferencesInterfaces.m in Sources */,
				82C2FC332727FBE5006A76CD /* AFSecurityPolicy.m in Sources */,
				82C2FC312727FBE5006A76CD /* AFURLRequestSerialization.m in Sources */,
				82E8451F2725A61A00F3FF1F /* PreferencesAdvanced.m in Sources */,
				82E844F227254D6600F3FF1F /* Preferences.m in Sources */,
			);
			runOnlyForDeploymentPostprocessing = 0;
		};
		82E844C5272542AE00F3FF1F /* Sources */ = {
			isa = PBXSourcesBuildPhase;
			buildActionMask = 2147483647;
			files = (
				82E844CE272542AF00F3FF1F /* daggerTests.m in Sources */,
			);
			runOnlyForDeploymentPostprocessing = 0;
		};
		82E844CF272542AF00F3FF1F /* Sources */ = {
			isa = PBXSourcesBuildPhase;
			buildActionMask = 2147483647;
			files = (
				82E844DA272542AF00F3FF1F /* daggerUITestsLaunchTests.m in Sources */,
				82E844D8272542AF00F3FF1F /* daggerUITests.m in Sources */,
			);
			runOnlyForDeploymentPostprocessing = 0;
		};
/* End PBXSourcesBuildPhase section */

/* Begin PBXTargetDependency section */
		82E844CB272542AF00F3FF1F /* PBXTargetDependency */ = {
			isa = PBXTargetDependency;
			target = 82E844B6272542A500F3FF1F /* dagger */;
			targetProxy = 82E844CA272542AF00F3FF1F /* PBXContainerItemProxy */;
		};
		82E844D5272542AF00F3FF1F /* PBXTargetDependency */ = {
			isa = PBXTargetDependency;
			target = 82E844B6272542A500F3FF1F /* dagger */;
			targetProxy = 82E844D4272542AF00F3FF1F /* PBXContainerItemProxy */;
		};
/* End PBXTargetDependency section */

/* Begin PBXVariantGroup section */
		82E844BF272542AE00F3FF1F /* MainMenu.xib */ = {
			isa = PBXVariantGroup;
			children = (
				82E844C0272542AE00F3FF1F /* Base */,
			);
			name = MainMenu.xib;
			sourceTree = "<group>";
		};
		82E844F82725A3B400F3FF1F /* MASPreferencesWindow.xib */ = {
			isa = PBXVariantGroup;
			children = (
				82E844F92725A3B400F3FF1F /* en */,
			);
			name = MASPreferencesWindow.xib;
			sourceTree = "<group>";
		};
/* End PBXVariantGroup section */

/* Begin XCBuildConfiguration section */
		82E844DB272542AF00F3FF1F /* Debug */ = {
			isa = XCBuildConfiguration;
			buildSettings = {
				ALWAYS_SEARCH_USER_PATHS = NO;
				CLANG_ANALYZER_NONNULL = YES;
				CLANG_ANALYZER_NUMBER_OBJECT_CONVERSION = YES_AGGRESSIVE;
				CLANG_CXX_LANGUAGE_STANDARD = "gnu++17";
				CLANG_CXX_LIBRARY = "libc++";
				CLANG_ENABLE_MODULES = YES;
				CLANG_ENABLE_OBJC_ARC = YES;
				CLANG_ENABLE_OBJC_WEAK = YES;
				CLANG_WARN_BLOCK_CAPTURE_AUTORELEASING = YES;
				CLANG_WARN_BOOL_CONVERSION = YES;
				CLANG_WARN_COMMA = YES;
				CLANG_WARN_CONSTANT_CONVERSION = YES;
				CLANG_WARN_DEPRECATED_OBJC_IMPLEMENTATIONS = YES;
				CLANG_WARN_DIRECT_OBJC_ISA_USAGE = YES_ERROR;
				CLANG_WARN_DOCUMENTATION_COMMENTS = YES;
				CLANG_WARN_EMPTY_BODY = YES;
				CLANG_WARN_ENUM_CONVERSION = YES;
				CLANG_WARN_INFINITE_RECURSION = YES;
				CLANG_WARN_INT_CONVERSION = YES;
				CLANG_WARN_NON_LITERAL_NULL_CONVERSION = YES;
				CLANG_WARN_OBJC_IMPLICIT_RETAIN_SELF = YES;
				CLANG_WARN_OBJC_LITERAL_CONVERSION = YES;
				CLANG_WARN_OBJC_ROOT_CLASS = YES_ERROR;
				CLANG_WARN_QUOTED_INCLUDE_IN_FRAMEWORK_HEADER = YES;
				CLANG_WARN_RANGE_LOOP_ANALYSIS = YES;
				CLANG_WARN_STRICT_PROTOTYPES = YES;
				CLANG_WARN_SUSPICIOUS_MOVE = YES;
				CLANG_WARN_UNGUARDED_AVAILABILITY = YES_AGGRESSIVE;
				CLANG_WARN_UNREACHABLE_CODE = YES;
				CLANG_WARN__DUPLICATE_METHOD_MATCH = YES;
				COPY_PHASE_STRIP = NO;
				DEBUG_INFORMATION_FORMAT = dwarf;
				ENABLE_STRICT_OBJC_MSGSEND = YES;
				ENABLE_TESTABILITY = YES;
				GCC_C_LANGUAGE_STANDARD = gnu11;
				GCC_DYNAMIC_NO_PIC = NO;
				GCC_NO_COMMON_BLOCKS = YES;
				GCC_OPTIMIZATION_LEVEL = 0;
				GCC_PREPROCESSOR_DEFINITIONS = (
					"DEBUG=1",
					"$(inherited)",
				);
				GCC_WARN_64_TO_32_BIT_CONVERSION = YES;
				GCC_WARN_ABOUT_RETURN_TYPE = YES_ERROR;
				GCC_WARN_UNDECLARED_SELECTOR = YES;
				GCC_WARN_UNINITIALIZED_AUTOS = YES_AGGRESSIVE;
				GCC_WARN_UNUSED_FUNCTION = YES;
				GCC_WARN_UNUSED_VARIABLE = YES;
				MACOSX_DEPLOYMENT_TARGET = 10.15;
				MTL_ENABLE_DEBUG_INFO = INCLUDE_SOURCE;
				MTL_FAST_MATH = YES;
				ONLY_ACTIVE_ARCH = YES;
				SDKROOT = macosx;
			};
			name = Debug;
		};
		82E844DC272542AF00F3FF1F /* Release */ = {
			isa = XCBuildConfiguration;
			buildSettings = {
				ALWAYS_SEARCH_USER_PATHS = NO;
				CLANG_ANALYZER_NONNULL = YES;
				CLANG_ANALYZER_NUMBER_OBJECT_CONVERSION = YES_AGGRESSIVE;
				CLANG_CXX_LANGUAGE_STANDARD = "gnu++17";
				CLANG_CXX_LIBRARY = "libc++";
				CLANG_ENABLE_MODULES = YES;
				CLANG_ENABLE_OBJC_ARC = YES;
				CLANG_ENABLE_OBJC_WEAK = YES;
				CLANG_WARN_BLOCK_CAPTURE_AUTORELEASING = YES;
				CLANG_WARN_BOOL_CONVERSION = YES;
				CLANG_WARN_COMMA = YES;
				CLANG_WARN_CONSTANT_CONVERSION = YES;
				CLANG_WARN_DEPRECATED_OBJC_IMPLEMENTATIONS = YES;
				CLANG_WARN_DIRECT_OBJC_ISA_USAGE = YES_ERROR;
				CLANG_WARN_DOCUMENTATION_COMMENTS = YES;
				CLANG_WARN_EMPTY_BODY = YES;
				CLANG_WARN_ENUM_CONVERSION = YES;
				CLANG_WARN_INFINITE_RECURSION = YES;
				CLANG_WARN_INT_CONVERSION = YES;
				CLANG_WARN_NON_LITERAL_NULL_CONVERSION = YES;
				CLANG_WARN_OBJC_IMPLICIT_RETAIN_SELF = YES;
				CLANG_WARN_OBJC_LITERAL_CONVERSION = YES;
				CLANG_WARN_OBJC_ROOT_CLASS = YES_ERROR;
				CLANG_WARN_QUOTED_INCLUDE_IN_FRAMEWORK_HEADER = YES;
				CLANG_WARN_RANGE_LOOP_ANALYSIS = YES;
				CLANG_WARN_STRICT_PROTOTYPES = YES;
				CLANG_WARN_SUSPICIOUS_MOVE = YES;
				CLANG_WARN_UNGUARDED_AVAILABILITY = YES_AGGRESSIVE;
				CLANG_WARN_UNREACHABLE_CODE = YES;
				CLANG_WARN__DUPLICATE_METHOD_MATCH = YES;
				COPY_PHASE_STRIP = NO;
				DEBUG_INFORMATION_FORMAT = "dwarf-with-dsym";
				ENABLE_NS_ASSERTIONS = NO;
				ENABLE_STRICT_OBJC_MSGSEND = YES;
				GCC_C_LANGUAGE_STANDARD = gnu11;
				GCC_NO_COMMON_BLOCKS = YES;
				GCC_WARN_64_TO_32_BIT_CONVERSION = YES;
				GCC_WARN_ABOUT_RETURN_TYPE = YES_ERROR;
				GCC_WARN_UNDECLARED_SELECTOR = YES;
				GCC_WARN_UNINITIALIZED_AUTOS = YES_AGGRESSIVE;
				GCC_WARN_UNUSED_FUNCTION = YES;
				GCC_WARN_UNUSED_VARIABLE = YES;
				MACOSX_DEPLOYMENT_TARGET = 10.15;
				MTL_ENABLE_DEBUG_INFO = NO;
				MTL_FAST_MATH = YES;
				SDKROOT = macosx;
			};
			name = Release;
		};
		82E844DE272542AF00F3FF1F /* Debug */ = {
			isa = XCBuildConfiguration;
			buildSettings = {
				ASSETCATALOG_COMPILER_APPICON_NAME = AppIcon;
				ASSETCATALOG_COMPILER_INCLUDE_ALL_APPICON_ASSETS = NO;
				CODE_SIGN_ENTITLEMENTS = dagger/dagger.entitlements;
				CODE_SIGN_STYLE = Manual;
				COMBINE_HIDPI_IMAGES = YES;
				CURRENT_PROJECT_VERSION = 1;
				DEVELOPMENT_TEAM = "";
				GENERATE_INFOPLIST_FILE = YES;
				INFOPLIST_FILE = dagger/Info.plist;
				INFOPLIST_KEY_LSApplicationCategoryType = "public.app-category.utilities";
				INFOPLIST_KEY_NSHumanReadableCopyright = "";
				INFOPLIST_KEY_NSMainNibFile = MainMenu;
				INFOPLIST_KEY_NSPrincipalClass = NSApplication;
				LD_RUNPATH_SEARCH_PATHS = (
					"$(inherited)",
					"@executable_path/../Frameworks",
				);
				MACOSX_DEPLOYMENT_TARGET = 10.12;
				MARKETING_VERSION = 1.0;
				PRODUCT_BUNDLE_IDENTIFIER = com.midoks.dagger;
				PRODUCT_NAME = "$(TARGET_NAME)";
				PROVISIONING_PROFILE_SPECIFIER = "";
				SWIFT_EMIT_LOC_STRINGS = YES;
			};
			name = Debug;
		};
		82E844DF272542AF00F3FF1F /* Release */ = {
			isa = XCBuildConfiguration;
			buildSettings = {
				ASSETCATALOG_COMPILER_APPICON_NAME = AppIcon;
				ASSETCATALOG_COMPILER_INCLUDE_ALL_APPICON_ASSETS = NO;
				CODE_SIGN_ENTITLEMENTS = dagger/dagger.entitlements;
				CODE_SIGN_STYLE = Automatic;
				COMBINE_HIDPI_IMAGES = YES;
				CURRENT_PROJECT_VERSION = 1;
				GENERATE_INFOPLIST_FILE = YES;
				INFOPLIST_FILE = dagger/Info.plist;
				INFOPLIST_KEY_LSApplicationCategoryType = "public.app-category.utilities";
				INFOPLIST_KEY_NSHumanReadableCopyright = "";
				INFOPLIST_KEY_NSMainNibFile = MainMenu;
				INFOPLIST_KEY_NSPrincipalClass = NSApplication;
				LD_RUNPATH_SEARCH_PATHS = (
					"$(inherited)",
					"@executable_path/../Frameworks",
				);
				MACOSX_DEPLOYMENT_TARGET = 10.12;
				MARKETING_VERSION = 1.0;
				PRODUCT_BUNDLE_IDENTIFIER = com.midoks.dagger;
				PRODUCT_NAME = "$(TARGET_NAME)";
				SWIFT_EMIT_LOC_STRINGS = YES;
			};
			name = Release;
		};
		82E844E1272542AF00F3FF1F /* Debug */ = {
			isa = XCBuildConfiguration;
			buildSettings = {
				BUNDLE_LOADER = "$(TEST_HOST)";
				CODE_SIGN_STYLE = Automatic;
				COMBINE_HIDPI_IMAGES = YES;
				CURRENT_PROJECT_VERSION = 1;
				GENERATE_INFOPLIST_FILE = YES;
				LD_RUNPATH_SEARCH_PATHS = (
					"$(inherited)",
					"@executable_path/../Frameworks",
					"@loader_path/../Frameworks",
				);
				MACOSX_DEPLOYMENT_TARGET = 11.3;
				MARKETING_VERSION = 1.0;
				PRODUCT_BUNDLE_IDENTIFIER = com.midoks.daggerTests;
				PRODUCT_NAME = "$(TARGET_NAME)";
				SWIFT_EMIT_LOC_STRINGS = NO;
				TEST_HOST = "$(BUILT_PRODUCTS_DIR)/dagger.app/Contents/MacOS/dagger";
			};
			name = Debug;
		};
		82E844E2272542AF00F3FF1F /* Release */ = {
			isa = XCBuildConfiguration;
			buildSettings = {
				BUNDLE_LOADER = "$(TEST_HOST)";
				CODE_SIGN_STYLE = Automatic;
				COMBINE_HIDPI_IMAGES = YES;
				CURRENT_PROJECT_VERSION = 1;
				GENERATE_INFOPLIST_FILE = YES;
				LD_RUNPATH_SEARCH_PATHS = (
					"$(inherited)",
					"@executable_path/../Frameworks",
					"@loader_path/../Frameworks",
				);
				MACOSX_DEPLOYMENT_TARGET = 11.3;
				MARKETING_VERSION = 1.0;
				PRODUCT_BUNDLE_IDENTIFIER = com.midoks.daggerTests;
				PRODUCT_NAME = "$(TARGET_NAME)";
				SWIFT_EMIT_LOC_STRINGS = NO;
				TEST_HOST = "$(BUILT_PRODUCTS_DIR)/dagger.app/Contents/MacOS/dagger";
			};
			name = Release;
		};
		82E844E4272542AF00F3FF1F /* Debug */ = {
			isa = XCBuildConfiguration;
			buildSettings = {
				CODE_SIGN_STYLE = Automatic;
				COMBINE_HIDPI_IMAGES = YES;
				CURRENT_PROJECT_VERSION = 1;
				GENERATE_INFOPLIST_FILE = YES;
				LD_RUNPATH_SEARCH_PATHS = (
					"$(inherited)",
					"@executable_path/../Frameworks",
					"@loader_path/../Frameworks",
				);
				MARKETING_VERSION = 1.0;
				PRODUCT_BUNDLE_IDENTIFIER = com.midoks.daggerUITests;
				PRODUCT_NAME = "$(TARGET_NAME)";
				SWIFT_EMIT_LOC_STRINGS = NO;
				TEST_TARGET_NAME = dagger;
			};
			name = Debug;
		};
		82E844E5272542AF00F3FF1F /* Release */ = {
			isa = XCBuildConfiguration;
			buildSettings = {
				CODE_SIGN_STYLE = Automatic;
				COMBINE_HIDPI_IMAGES = YES;
				CURRENT_PROJECT_VERSION = 1;
				GENERATE_INFOPLIST_FILE = YES;
				LD_RUNPATH_SEARCH_PATHS = (
					"$(inherited)",
					"@executable_path/../Frameworks",
					"@loader_path/../Frameworks",
				);
				MARKETING_VERSION = 1.0;
				PRODUCT_BUNDLE_IDENTIFIER = com.midoks.daggerUITests;
				PRODUCT_NAME = "$(TARGET_NAME)";
				SWIFT_EMIT_LOC_STRINGS = NO;
				TEST_TARGET_NAME = dagger;
			};
			name = Release;
		};
/* End XCBuildConfiguration section */

/* Begin XCConfigurationList section */
		82E844B2272542A400F3FF1F /* Build configuration list for PBXProject "dagger" */ = {
			isa = XCConfigurationList;
			buildConfigurations = (
				82E844DB272542AF00F3FF1F /* Debug */,
				82E844DC272542AF00F3FF1F /* Release */,
			);
			defaultConfigurationIsVisible = 0;
			defaultConfigurationName = Release;
		};
		82E844DD272542AF00F3FF1F /* Build configuration list for PBXNativeTarget "dagger" */ = {
			isa = XCConfigurationList;
			buildConfigurations = (
				82E844DE272542AF00F3FF1F /* Debug */,
				82E844DF272542AF00F3FF1F /* Release */,
			);
			defaultConfigurationIsVisible = 0;
			defaultConfigurationName = Release;
		};
		82E844E0272542AF00F3FF1F /* Build configuration list for PBXNativeTarget "daggerTests" */ = {
			isa = XCConfigurationList;
			buildConfigurations = (
				82E844E1272542AF00F3FF1F /* Debug */,
				82E844E2272542AF00F3FF1F /* Release */,
			);
			defaultConfigurationIsVisible = 0;
			defaultConfigurationName = Release;
		};
		82E844E3272542AF00F3FF1F /* Build configuration list for PBXNativeTarget "daggerUITests" */ = {
			isa = XCConfigurationList;
			buildConfigurations = (
				82E844E4272542AF00F3FF1F /* Debug */,
				82E844E5272542AF00F3FF1F /* Release */,
			);
			defaultConfigurationIsVisible = 0;
			defaultConfigurationName = Release;
		};
/* End XCConfigurationList section */
	};
	rootObject = 82E844AF272542A400F3FF1F /* Project object */;
}
