// !$*UTF8*$!
{
	archiveVersion = 1;
	classes = {
	};
	objectVersion = 55;
	objects = {

/* Begin PBXBuildFile section */
		82E844BC272542A500F3FF1F /* AppDelegate.m in Sources */ = {isa = PBXBuildFile; fileRef = 82E844BB272542A500F3FF1F /* AppDelegate.m */; };
		82E844BE272542AE00F3FF1F /* Assets.xcassets in Resources */ = {isa = PBXBuildFile; fileRef = 82E844BD272542AE00F3FF1F /* Assets.xcassets */; };
		82E844C1272542AE00F3FF1F /* MainMenu.xib in Resources */ = {isa = PBXBuildFile; fileRef = 82E844BF272542AE00F3FF1F /* MainMenu.xib */; };
		82E844C3272542AE00F3FF1F /* main.m in Sources */ = {isa = PBXBuildFile; fileRef = 82E844C2272542AE00F3FF1F /* main.m */; };
		82E844CE272542AF00F3FF1F /* daggerTests.m in Sources */ = {isa = PBXBuildFile; fileRef = 82E844CD272542AF00F3FF1F /* daggerTests.m */; };
		82E844D8272542AF00F3FF1F /* daggerUITests.m in Sources */ = {isa = PBXBuildFile; fileRef = 82E844D7272542AF00F3FF1F /* daggerUITests.m */; };
		82E844DA272542AF00F3FF1F /* daggerUITestsLaunchTests.m in Sources */ = {isa = PBXBuildFile; fileRef = 82E844D9272542AF00F3FF1F /* daggerUITestsLaunchTests.m */; };
		82E844E92725459600F3FF1F /* Icon.icns in Resources */ = {isa = PBXBuildFile; fileRef = 82E844E82725459600F3FF1F /* Icon.icns */; };
		82E844EC27254B8E00F3FF1F /* dagger@2x.png in Resources */ = {isa = PBXBuildFile; fileRef = 82E844EB27254B8E00F3FF1F /* dagger@2x.png */; };
		82E844F227254D6600F3FF1F /* Preferences.m in Sources */ = {isa = PBXBuildFile; fileRef = 82E844F127254D6500F3FF1F /* Preferences.m */; };
		82E8450D2725A3B900F3FF1F /* LICENSE.md in Resources */ = {isa = PBXBuildFile; fileRef = 82E844F52725A3B400F3FF1F /* LICENSE.md */; };
		82E8450E2725A3B900F3FF1F /* MASPreferencesWindow.xib in Resources */ = {isa = PBXBuildFile; fileRef = 82E844F82725A3B400F3FF1F /* MASPreferencesWindow.xib */; };
		82E8450F2725A3B900F3FF1F /* MASPreferencesWindowController.m in Sources */ = {isa = PBXBuildFile; fileRef = 82E844FC2725A3B400F3FF1F /* MASPreferencesWindowController.m */; };
		82E845102725A3B900F3FF1F /* README.md in Resources */ = {isa = PBXBuildFile; fileRef = 82E844FD2725A3B400F3FF1F /* README.md */; };
		82E8451A2725A53200F3FF1F /* PreferencesGeneral.m in Sources */ = {isa = PBXBuildFile; fileRef = 82E845182725A53200F3FF1F /* PreferencesGeneral.m */; };
		82E8451B2725A53200F3FF1F /* PreferencesGeneral.xib in Resources */ = {isa = PBXBuildFile; fileRef = 82E845192725A53200F3FF1F /* PreferencesGeneral.xib */; };
		82E8451F2725A61A00F3FF1F /* PreferencesAdvanced.m in Sources */ = {isa = PBXBuildFile; fileRef = 82E8451D2725A61A00F3FF1F /* PreferencesAdvanced.m */; };
		82E845202725A61A00F3FF1F /* PreferencesAdvanced.xib in Resources */ = {isa = PBXBuildFile; fileRef = 82E8451E2725A61A00F3FF1F /* PreferencesAdvanced.xib */; };
		82E845242725A67000F3FF1F /* PreferencesInterfaces.m in Sources */ = {isa = PBXBuildFile; fileRef = 82E845222725A67000F3FF1F /* PreferencesInterfaces.m */; };
		82E845252725A67000F3FF1F /* PreferencesInterfaces.xib in Resources */ = {isa = PBXBuildFile; fileRef = 82E845232725A67000F3FF1F /* PreferencesInterfaces.xib */; };
/* End PBXBuildFile section */

/* Begin PBXContainerItemProxy section */
		82E844CA272542AF00F3FF1F /* PBXContainerItemProxy */ = {
			isa = PBXContainerItemProxy;
			containerPortal = 82E844AF272542A400F3FF1F /* Project object */;
			proxyType = 1;
			remoteGlobalIDString = 82E844B6272542A500F3FF1F;
			remoteInfo = dagger;
		};
		82E844D4272542AF00F3FF1F /* PBXContainerItemProxy */ = {
			isa = PBXContainerItemProxy;
			containerPortal = 82E844AF272542A400F3FF1F /* Project object */;
			proxyType = 1;
			remoteGlobalIDString = 82E844B6272542A500F3FF1F;
			remoteInfo = dagger;
		};
/* End PBXContainerItemProxy section */

/* Begin PBXFileReference section */
		82E844B7272542A500F3FF1F /* dagger.app */ = {isa = PBXFileReference; explicitFileType = wrapper.application; includeInIndex = 0; path = dagger.app; sourceTree = BUILT_PRODUCTS_DIR; };
		82E844BA272542A500F3FF1F /* AppDelegate.h */ = {isa = PBXFileReference; lastKnownFileType = sourcecode.c.h; path = AppDelegate.h; sourceTree = "<group>"; };
		82E844BB272542A500F3FF1F /* AppDelegate.m */ = {isa = PBXFileReference; lastKnownFileType = sourcecode.c.objc; path = AppDelegate.m; sourceTree = "<group>"; };
		82E844BD272542AE00F3FF1F /* Assets.xcassets */ = {isa = PBXFileReference; lastKnownFileType = folder.assetcatalog; path = Assets.xcassets; sourceTree = "<group>"; };
		82E844C0272542AE00F3FF1F /* Base */ = {isa = PBXFileReference; lastKnownFileType = file.xib; name = Base; path = Base.lproj/MainMenu.xib; sourceTree = "<group>"; };
		82E844C2272542AE00F3FF1F /* main.m */ = {isa = PBXFileReference; lastKnownFileType = sourcecode.c.objc; path = main.m; sourceTree = "<group>"; };
		82E844C9272542AE00F3FF1F /* daggerTests.xctest */ = {isa = PBXFileReference; explicitFileType = wrapper.cfbundle; includeInIndex = 0; path = daggerTests.xctest; sourceTree = BUILT_PRODUCTS_DIR; };
		82E844CD272542AF00F3FF1F /* daggerTests.m */ = {isa = PBXFileReference; lastKnownFileType = sourcecode.c.objc; path = daggerTests.m; sourceTree = "<group>"; };
		82E844D3272542AF00F3FF1F /* daggerUITests.xctest */ = {isa = PBXFileReference; explicitFileType = wrapper.cfbundle; includeInIndex = 0; path = daggerUITests.xctest; sourceTree = BUILT_PRODUCTS_DIR; };
		82E844D7272542AF00F3FF1F /* daggerUITests.m */ = {isa = PBXFileReference; lastKnownFileType = sourcecode.c.objc; path = daggerUITests.m; sourceTree = "<group>"; };
		82E844D9272542AF00F3FF1F /* daggerUITestsLaunchTests.m */ = {isa = PBXFileReference; lastKnownFileType = sourcecode.c.objc; path = daggerUITestsLaunchTests.m; sourceTree = "<group>"; };
		82E844E62725442400F3FF1F /* Info.plist */ = {isa = PBXFileReference; lastKnownFileType = text.plist; path = Info.plist; sourceTree = "<group>"; };
		82E844E82725459600F3FF1F /* Icon.icns */ = {isa = PBXFileReference; lastKnownFileType = image.icns; path = Icon.icns; sourceTree = "<group>"; };
		82E844EB27254B8E00F3FF1F /* dagger@2x.png */ = {isa = PBXFileReference; lastKnownFileType = image.png; path = "dagger@2x.png"; sourceTree = "<group>"; };
		82E844F027254D6500F3FF1F /* Preferences.h */ = {isa = PBXFileReference; lastKnownFileType = sourcecode.c.h; path = Preferences.h; sourceTree = "<group>"; };
		82E844F127254D6500F3FF1F /* Preferences.m */ = {isa = PBXFileReference; lastKnownFileType = sourcecode.c.objc; path = Preferences.m; sourceTree = "<group>"; };
		82E844F52725A3B400F3FF1F /* LICENSE.md */ = {isa = PBXFileReference; fileEncoding = 4; lastKnownFileType = net.daringfireball.markdown; path = LICENSE.md; sourceTree = "<group>"; };
		82E844F72725A3B400F3FF1F /* MASPreferencesViewController.h */ = {isa = PBXFileReference; fileEncoding = 4; lastKnownFileType = sourcecode.c.h; path = MASPreferencesViewController.h; sourceTree = "<group>"; };
		82E844F92725A3B400F3FF1F /* en */ = {isa = PBXFileReference; lastKnownFileType = file.xib; name = en; path = en.lproj/MASPreferencesWindow.xib; sourceTree = "<group>"; };
		82E844FA2725A3B400F3FF1F /* MASPreferencesWindowController.h */ = {isa = PBXFileReference; fileEncoding = 4; lastKnownFileType = sourcecode.c.h; path = MASPreferencesWindowController.h; sourceTree = "<group>"; };
		82E844FB2725A3B400F3FF1F /* MASPreferences.h */ = {isa = PBXFileReference; fileEncoding = 4; lastKnownFileType = sourcecode.c.h; path = MASPreferences.h; sourceTree = "<group>"; };
		82E844FC2725A3B400F3FF1F /* MASPreferencesWindowController.m */ = {isa = PBXFileReference; fileEncoding = 4; lastKnownFileType = sourcecode.c.objc; path = MASPreferencesWindowController.m; sourceTree = "<group>"; };
		82E844FD2725A3B400F3FF1F /* README.md */ = {isa = PBXFileReference; fileEncoding = 4; lastKnownFileType = net.daringfireball.markdown; path = README.md; sourceTree = "<group>"; };
		82E845172725A53200F3FF1F /* PreferencesGeneral.h */ = {isa = PBXFileReference; lastKnownFileType = sourcecode.c.h; path = PreferencesGeneral.h; sourceTree = "<group>"; };
		82E845182725A53200F3FF1F /* PreferencesGeneral.m */ = {isa = PBXFileReference; lastKnownFileType = sourcecode.c.objc; path = PreferencesGeneral.m; sourceTree = "<group>"; };
		82E845192725A53200F3FF1F /* PreferencesGeneral.xib */ = {isa = PBXFileReference; lastKnownFileType = file.xib; path = PreferencesGeneral.xib; sourceTree = "<group>"; };
		82E8451C2725A61A00F3FF1F /* PreferencesAdvanced.h */ = {isa = PBXFileReference; lastKnownFileType = sourcecode.c.h; path = PreferencesAdvanced.h; sourceTree = "<group>"; };
		82E8451D2725A61A00F3FF1F /* PreferencesAdvanced.m */ = {isa = PBXFileReference; lastKnownFileType = sourcecode.c.objc; path = PreferencesAdvanced.m; sourceTree = "<group>"; };
		82E8451E2725A61A00F3FF1F /* PreferencesAdvanced.xib */ = {isa = PBXFileReference; lastKnownFileType = file.xib; path = PreferencesAdvanced.xib; sourceTree = "<group>"; };
		82E845212725A67000F3FF1F /* PreferencesInterfaces.h */ = {isa = PBXFileReference; lastKnownFileType = sourcecode.c.h; path = PreferencesInterfaces.h; sourceTree = "<group>"; };
		82E845222725A67000F3FF1F /* PreferencesInterfaces.m */ = {isa = PBXFileReference; lastKnownFileType = sourcecode.c.objc; path = PreferencesInterfaces.m; sourceTree = "<group>"; };
		82E845232725A67000F3FF1F /* PreferencesInterfaces.xib */ = {isa = PBXFileReference; lastKnownFileType = file.xib; path = PreferencesInterfaces.xib; sourceTree = "<group>"; };
/* End PBXFileReference section */

/* Begin PBXFrameworksBuildPhase section */
		82E844B4272542A500F3FF1F /* Frameworks */ = {
			isa = PBXFrameworksBuildPhase;
			buildActionMask = 2147483647;
			files = (
			);
			runOnlyForDeploymentPostprocessing = 0;
		};
		82E844C6272542AE00F3FF1F /* Frameworks */ = {
			isa = PBXFrameworksBuildPhase;
			buildActionMask = 2147483647;
			files = (
			);
			runOnlyForDeploymentPostprocessing = 0;
		};
		82E844D0272542AF00F3FF1F /* Frameworks */ = {
			isa = PBXFrameworksBuildPhase;
			buildActionMask = 2147483647;
			files = (
			);
			runOnlyForDeploymentPostprocessing = 0;
		};
/* End PBXFrameworksBuildPhase section */

/* Begin PBXGroup section */
		82E844AE272542A400F3FF1F = {
			isa = PBXGroup;
			children = (
				82E844B9272542A500F3FF1F /* dagger */,
				82E844CC272542AF00F3FF1F /* daggerTests */,
				82E844D6272542AF00F3FF1F /* daggerUITests */,
				82E844B8272542A500F3FF1F /* Products */,
			);
			sourceTree = "<group>";
		};
		82E844B8272542A500F3FF1F /* Products */ = {
			isa = PBXGroup;
			children = (
				82E844B7272542A500F3FF1F /* dagger.app */,
				82E844C9272542AE00F3FF1F /* daggerTests.xctest */,
				82E844D3272542AF00F3FF1F /* daggerUITests.xctest */,
			);
			name = Products;
			sourceTree = "<group>";
		};
		82E844B9272542A500F3FF1F /* dagger */ = {
			isa = PBXGroup;
			children = (
				82E844F32725A3B400F3FF1F /* Util */,
				82E844ED27254BAB00F3FF1F /* Preferences */,
				82E844E72725459600F3FF1F /* Resources */,
				82E844E62725442400F3FF1F /* Info.plist */,
				82E844BA272542A500F3FF1F /* AppDelegate.h */,
				82E844BB272542A500F3FF1F /* AppDelegate.m */,
				82E844BD272542AE00F3FF1F /* Assets.xcassets */,
				82E844BF272542AE00F3FF1F /* MainMenu.xib */,
				82E844C2272542AE00F3FF1F /* main.m */,
			);
			path = dagger;
			sourceTree = "<group>";
		};
		82E844CC272542AF00F3FF1F /* daggerTests */ = {
			isa = PBXGroup;
			children = (
				82E844CD272542AF00F3FF1F /* daggerTests.m */,
			);
			path = daggerTests;
			sourceTree = "<group>";
		};
		82E844D6272542AF00F3FF1F /* daggerUITests */ = {
			isa = PBXGroup;
			children = (
				82E844D7272542AF00F3FF1F /* daggerUITests.m */,
				82E844D9272542AF00F3FF1F /* daggerUITestsLaunchTests.m */,
			);
			path = daggerUITests;
			sourceTree = "<group>";
		};
		82E844E72725459600F3FF1F /* Resources */ = {
			isa = PBXGroup;
			children = (
				82E844EB27254B8E00F3FF1F /* dagger@2x.png */,
				82E844E82725459600F3FF1F /* Icon.icns */,
			);
			path = Resources;
			sourceTree = "<group>";
		};
		82E844ED27254BAB00F3FF1F /* Preferences */ = {
			isa = PBXGroup;
			children = (
				82E844F027254D6500F3FF1F /* Preferences.h */,
				82E844F127254D6500F3FF1F /* Preferences.m */,
				82E845172725A53200F3FF1F /* PreferencesGeneral.h */,
				82E845182725A53200F3FF1F /* PreferencesGeneral.m */,
				82E845192725A53200F3FF1F /* PreferencesGeneral.xib */,
				82E8451C2725A61A00F3FF1F /* PreferencesAdvanced.h */,
				82E8451D2725A61A00F3FF1F /* PreferencesAdvanced.m */,
				82E8451E2725A61A00F3FF1F /* PreferencesAdvanced.xib */,
				82E845212725A67000F3FF1F /* PreferencesInterfaces.h */,
				82E845222725A67000F3FF1F /* PreferencesInterfaces.m */,
				82E845232725A67000F3FF1F /* PreferencesInterfaces.xib */,
			);
			path = Preferences;
			sourceTree = "<group>";
		};
		82E844F32725A3B400F3FF1F /* Util */ = {
			isa = PBXGroup;
			children = (
				82E844F42725A3B400F3FF1F /* MASPreferences */,
			);
			path = Util;
			sourceTree = "<group>";
		};
		82E844F42725A3B400F3FF1F /* MASPreferences */ = {
			isa = PBXGroup;
			children = (
				82E844F52725A3B400F3FF1F /* LICENSE.md */,
				82E844F62725A3B400F3FF1F /* Framework */,
				82E844FD2725A3B400F3FF1F /* README.md */,
			);
			path = MASPreferences;
			sourceTree = "<group>";
		};
		82E844F62725A3B400F3FF1F /* Framework */ = {
			isa = PBXGroup;
			children = (
				82E844F72725A3B400F3FF1F /* MASPreferencesViewController.h */,
				82E844F82725A3B400F3FF1F /* MASPreferencesWindow.xib */,
				82E844FA2725A3B400F3FF1F /* MASPreferencesWindowController.h */,
				82E844FB2725A3B400F3FF1F /* MASPreferences.h */,
				82E844FC2725A3B400F3FF1F /* MASPreferencesWindowController.m */,
			);
			path = Framework;
			sourceTree = "<group>";
		};
/* End PBXGroup section */

/* Begin PBXNativeTarget section */
		82E844B6272542A500F3FF1F /* dagger */ = {
			isa = PBXNativeTarget;
			buildConfigurationList = 82E844DD272542AF00F3FF1F /* Build configuration list for PBXNativeTarget "dagger" */;
			buildPhases = (
				82E844B3272542A500F3FF1F /* Sources */,
				82E844B4272542A500F3FF1F /* Frameworks */,
				82E844B5272542A500F3FF1F /* Resources */,
			);
			buildRules = (
			);
			dependencies = (
			);
			name = dagger;
			productName = dagger;
			productReference = 82E844B7272542A500F3FF1F /* dagger.app */;
			productType = "com.apple.product-type.application";
		};
		82E844C8272542AE00F3FF1F /* daggerTests */ = {
			isa = PBXNativeTarget;
			buildConfigurationList = 82E844E0272542AF00F3FF1F /* Build configuration list for PBXNativeTarget "daggerTests" */;
			buildPhases = (
				82E844C5272542AE00F3FF1F /* Sources */,
				82E844C6272542AE00F3FF1F /* Frameworks */,
				82E844C7272542AE00F3FF1F /* Resources */,
			);
			buildRules = (
			);
			dependencies = (
				82E844CB272542AF00F3FF1F /* PBXTargetDependency */,
			);
			name = daggerTests;
			productName = daggerTests;
			productReference = 82E844C9272542AE00F3FF1F /* daggerTests.xctest */;
			productType = "com.apple.product-type.bundle.unit-test";
		};
		82E844D2272542AF00F3FF1F /* daggerUITests */ = {
			isa = PBXNativeTarget;
			buildConfigurationList = 82E844E3272542AF00F3FF1F /* Build configuration list for PBXNativeTarget "daggerUITests" */;
			buildPhases = (
				82E844CF272542AF00F3FF1F /* Sources */,
				82E844D0272542AF00F3FF1F /* Frameworks */,
				82E844D1272542AF00F3FF1F /* Resources */,
			);
			buildRules = (
			);
			dependencies = (
				82E844D5272542AF00F3FF1F /* PBXTargetDependency */,
			);
			name = daggerUITests;
			productName = daggerUITests;
			productReference = 82E844D3272542AF00F3FF1F /* daggerUITests.xctest */;
			productType = "com.apple.product-type.bundle.ui-testing";
		};
/* End PBXNativeTarget section */

/* Begin PBXProject section */
		82E844AF272542A400F3FF1F /* Project object */ = {
			isa = PBXProject;
			attributes = {
				BuildIndependentTargetsInParallel = 1;
				LastUpgradeCheck = 1300;
				TargetAttributes = {
					82E844B6272542A500F3FF1F = {
						CreatedOnToolsVersion = 13.0;
					};
					82E844C8272542AE00F3FF1F = {
						CreatedOnToolsVersion = 13.0;
						TestTargetID = 82E844B6272542A500F3FF1F;
					};
					82E844D2272542AF00F3FF1F = {
						CreatedOnToolsVersion = 13.0;
						TestTargetID = 82E844B6272542A500F3FF1F;
					};
				};
			};
			buildConfigurationList = 82E844B2272542A400F3FF1F /* Build configuration list for PBXProject "dagger" */;
			compatibilityVersion = "Xcode 13.0";
			developmentRegion = en;
			hasScannedForEncodings = 0;
			knownRegions = (
				en,
				Base,
			);
			mainGroup = 82E844AE272542A400F3FF1F;
			productRefGroup = 82E844B8272542A500F3FF1F /* Products */;
			projectDirPath = "";
			projectRoot = "";
			targets = (
				82E844B6272542A500F3FF1F /* dagger */,
				82E844C8272542AE00F3FF1F /* daggerTests */,
				82E844D2272542AF00F3FF1F /* daggerUITests */,
			);
		};
/* End PBXProject section */

/* Begin PBXResourcesBuildPhase section */
		82E844B5272542A500F3FF1F /* Resources */ = {
			isa = PBXResourcesBuildPhase;
			buildActionMask = 2147483647;
			files = (
				82E844EC27254B8E00F3FF1F /* dagger@2x.png in Resources */,
				82E8451B2725A53200F3FF1F /* PreferencesGeneral.xib in Resources */,
				82E844E92725459600F3FF1F /* Icon.icns in Resources */,
				82E845252725A67000F3FF1F /* PreferencesInterfaces.xib in Resources */,
				82E844BE272542AE00F3FF1F /* Assets.xcassets in Resources */,
				82E844C1272542AE00F3FF1F /* MainMenu.xib in Resources */,
				82E8450D2725A3B900F3FF1F /* LICENSE.md in Resources */,
				82E845102725A3B900F3FF1F /* README.md in Resources */,
				82E845202725A61A00F3FF1F /* PreferencesAdvanced.xib in Resources */,
				82E8450E2725A3B900F3FF1F /* MASPreferencesWindow.xib in Resources */,
			);
			runOnlyForDeploymentPostprocessing = 0;
		};
		82E844C7272542AE00F3FF1F /* Resources */ = {
			isa = PBXResourcesBuildPhase;
			buildActionMask = 2147483647;
			files = (
			);
			runOnlyForDeploymentPostprocessing = 0;
		};
		82E844D1272542AF00F3FF1F /* Resources */ = {
			isa = PBXResourcesBuildPhase;
			buildActionMask = 2147483647;
			files = (
			);
			runOnlyForDeploymentPostprocessing = 0;
		};
/* End PBXResourcesBuildPhase section */

/* Begin PBXSourcesBuildPhase section */
		82E844B3272542A500F3FF1F /* Sources */ = {
			isa = PBXSourcesBuildPhase;
			buildActionMask = 2147483647;
			files = (
				82E8450F2725A3B900F3FF1F /* MASPreferencesWindowController.m in Sources */,
				82E844C3272542AE00F3FF1F /* main.m in Sources */,
				82E844BC272542A500F3FF1F /* AppDelegate.m in Sources */,
				82E8451A2725A53200F3FF1F /* PreferencesGeneral.m in Sources */,
				82E845242725A67000F3FF1F /* PreferencesInterfaces.m in Sources */,
				82E8451F2725A61A00F3FF1F /* PreferencesAdvanced.m in Sources */,
				82E844F227254D6600F3FF1F /* Preferences.m in Sources */,
			);
			runOnlyForDeploymentPostprocessing = 0;
		};
		82E844C5272542AE00F3FF1F /* Sources */ = {
			isa = PBXSourcesBuildPhase;
			buildActionMask = 2147483647;
			files = (
				82E844CE272542AF00F3FF1F /* daggerTests.m in Sources */,
			);
			runOnlyForDeploymentPostprocessing = 0;
		};
		82E844CF272542AF00F3FF1F /* Sources */ = {
			isa = PBXSourcesBuildPhase;
			buildActionMask = 2147483647;
			files = (
				82E844DA272542AF00F3FF1F /* daggerUITestsLaunchTests.m in Sources */,
				82E844D8272542AF00F3FF1F /* daggerUITests.m in Sources */,
			);
			runOnlyForDeploymentPostprocessing = 0;
		};
/* End PBXSourcesBuildPhase section */

/* Begin PBXTargetDependency section */
		82E844CB272542AF00F3FF1F /* PBXTargetDependency */ = {
			isa = PBXTargetDependency;
			target = 82E844B6272542A500F3FF1F /* dagger */;
			targetProxy = 82E844CA272542AF00F3FF1F /* PBXContainerItemProxy */;
		};
		82E844D5272542AF00F3FF1F /* PBXTargetDependency */ = {
			isa = PBXTargetDependency;
			target = 82E844B6272542A500F3FF1F /* dagger */;
			targetProxy = 82E844D4272542AF00F3FF1F /* PBXContainerItemProxy */;
		};
/* End PBXTargetDependency section */

/* Begin PBXVariantGroup section */
		82E844BF272542AE00F3FF1F /* MainMenu.xib */ = {
			isa = PBXVariantGroup;
			children = (
				82E844C0272542AE00F3FF1F /* Base */,
			);
			name = MainMenu.xib;
			sourceTree = "<group>";
		};
		82E844F82725A3B400F3FF1F /* MASPreferencesWindow.xib */ = {
			isa = PBXVariantGroup;
			children = (
				82E844F92725A3B400F3FF1F /* en */,
			);
			name = MASPreferencesWindow.xib;
			sourceTree = "<group>";
		};
/* End PBXVariantGroup section */

/* Begin XCBuildConfiguration section */
		82E844DB272542AF00F3FF1F /* Debug */ = {
			isa = XCBuildConfiguration;
			buildSettings = {
				ALWAYS_SEARCH_USER_PATHS = NO;
				CLANG_ANALYZER_NONNULL = YES;
				CLANG_ANALYZER_NUMBER_OBJECT_CONVERSION = YES_AGGRESSIVE;
				CLANG_CXX_LANGUAGE_STANDARD = "gnu++17";
				CLANG_CXX_LIBRARY = "libc++";
				CLANG_ENABLE_MODULES = YES;
				CLANG_ENABLE_OBJC_ARC = YES;
				CLANG_ENABLE_OBJC_WEAK = YES;
				CLANG_WARN_BLOCK_CAPTURE_AUTORELEASING = YES;
				CLANG_WARN_BOOL_CONVERSION = YES;
				CLANG_WARN_COMMA = YES;
				CLANG_WARN_CONSTANT_CONVERSION = YES;
				CLANG_WARN_DEPRECATED_OBJC_IMPLEMENTATIONS = YES;
				CLANG_WARN_DIRECT_OBJC_ISA_USAGE = YES_ERROR;
				CLANG_WARN_DOCUMENTATION_COMMENTS = YES;
				CLANG_WARN_EMPTY_BODY = YES;
				CLANG_WARN_ENUM_CONVERSION = YES;
				CLANG_WARN_INFINITE_RECURSION = YES;
				CLANG_WARN_INT_CONVERSION = YES;
				CLANG_WARN_NON_LITERAL_NULL_CONVERSION = YES;
				CLANG_WARN_OBJC_IMPLICIT_RETAIN_SELF = YES;
				CLANG_WARN_OBJC_LITERAL_CONVERSION = YES;
				CLANG_WARN_OBJC_ROOT_CLASS = YES_ERROR;
				CLANG_WARN_QUOTED_INCLUDE_IN_FRAMEWORK_HEADER = YES;
				CLANG_WARN_RANGE_LOOP_ANALYSIS = YES;
				CLANG_WARN_STRICT_PROTOTYPES = YES;
				CLANG_WARN_SUSPICIOUS_MOVE = YES;
				CLANG_WARN_UNGUARDED_AVAILABILITY = YES_AGGRESSIVE;
				CLANG_WARN_UNREACHABLE_CODE = YES;
				CLANG_WARN__DUPLICATE_METHOD_MATCH = YES;
				COPY_PHASE_STRIP = NO;
				DEBUG_INFORMATION_FORMAT = dwarf;
				ENABLE_STRICT_OBJC_MSGSEND = YES;
				ENABLE_TESTABILITY = YES;
				GCC_C_LANGUAGE_STANDARD = gnu11;
				GCC_DYNAMIC_NO_PIC = NO;
				GCC_NO_COMMON_BLOCKS = YES;
				GCC_OPTIMIZATION_LEVEL = 0;
				GCC_PREPROCESSOR_DEFINITIONS = (
					"DEBUG=1",
					"$(inherited)",
				);
				GCC_WARN_64_TO_32_BIT_CONVERSION = YES;
				GCC_WARN_ABOUT_RETURN_TYPE = YES_ERROR;
				GCC_WARN_UNDECLARED_SELECTOR = YES;
				GCC_WARN_UNINITIALIZED_AUTOS = YES_AGGRESSIVE;
				GCC_WARN_UNUSED_FUNCTION = YES;
				GCC_WARN_UNUSED_VARIABLE = YES;
				MACOSX_DEPLOYMENT_TARGET = 10.12;
				MTL_ENABLE_DEBUG_INFO = INCLUDE_SOURCE;
				MTL_FAST_MATH = YES;
				ONLY_ACTIVE_ARCH = YES;
				SDKROOT = macosx;
			};
			name = Debug;
		};
		82E844DC272542AF00F3FF1F /* Release */ = {
			isa = XCBuildConfiguration;
			buildSettings = {
				ALWAYS_SEARCH_USER_PATHS = NO;
				CLANG_ANALYZER_NONNULL = YES;
				CLANG_ANALYZER_NUMBER_OBJECT_CONVERSION = YES_AGGRESSIVE;
				CLANG_CXX_LANGUAGE_STANDARD = "gnu++17";
				CLANG_CXX_LIBRARY = "libc++";
				CLANG_ENABLE_MODULES = YES;
				CLANG_ENABLE_OBJC_ARC = YES;
				CLANG_ENABLE_OBJC_WEAK = YES;
				CLANG_WARN_BLOCK_CAPTURE_AUTORELEASING = YES;
				CLANG_WARN_BOOL_CONVERSION = YES;
				CLANG_WARN_COMMA = YES;
				CLANG_WARN_CONSTANT_CONVERSION = YES;
				CLANG_WARN_DEPRECATED_OBJC_IMPLEMENTATIONS = YES;
				CLANG_WARN_DIRECT_OBJC_ISA_USAGE = YES_ERROR;
				CLANG_WARN_DOCUMENTATION_COMMENTS = YES;
				CLANG_WARN_EMPTY_BODY = YES;
				CLANG_WARN_ENUM_CONVERSION = YES;
				CLANG_WARN_INFINITE_RECURSION = YES;
				CLANG_WARN_INT_CONVERSION = YES;
				CLANG_WARN_NON_LITERAL_NULL_CONVERSION = YES;
				CLANG_WARN_OBJC_IMPLICIT_RETAIN_SELF = YES;
				CLANG_WARN_OBJC_LITERAL_CONVERSION = YES;
				CLANG_WARN_OBJC_ROOT_CLASS = YES_ERROR;
				CLANG_WARN_QUOTED_INCLUDE_IN_FRAMEWORK_HEADER = YES;
				CLANG_WARN_RANGE_LOOP_ANALYSIS = YES;
				CLANG_WARN_STRICT_PROTOTYPES = YES;
				CLANG_WARN_SUSPICIOUS_MOVE = YES;
				CLANG_WARN_UNGUARDED_AVAILABILITY = YES_AGGRESSIVE;
				CLANG_WARN_UNREACHABLE_CODE = YES;
				CLANG_WARN__DUPLICATE_METHOD_MATCH = YES;
				COPY_PHASE_STRIP = NO;
				DEBUG_INFORMATION_FORMAT = "dwarf-with-dsym";
				ENABLE_NS_ASSERTIONS = NO;
				ENABLE_STRICT_OBJC_MSGSEND = YES;
				GCC_C_LANGUAGE_STANDARD = gnu11;
				GCC_NO_COMMON_BLOCKS = YES;
				GCC_WARN_64_TO_32_BIT_CONVERSION = YES;
				GCC_WARN_ABOUT_RETURN_TYPE = YES_ERROR;
				GCC_WARN_UNDECLARED_SELECTOR = YES;
				GCC_WARN_UNINITIALIZED_AUTOS = YES_AGGRESSIVE;
				GCC_WARN_UNUSED_FUNCTION = YES;
				GCC_WARN_UNUSED_VARIABLE = YES;
				MACOSX_DEPLOYMENT_TARGET = 10.12;
				MTL_ENABLE_DEBUG_INFO = NO;
				MTL_FAST_MATH = YES;
				SDKROOT = macosx;
			};
			name = Release;
		};
		82E844DE272542AF00F3FF1F /* Debug */ = {
			isa = XCBuildConfiguration;
			buildSettings = {
				ASSETCATALOG_COMPILER_APPICON_NAME = AppIcon;
				ASSETCATALOG_COMPILER_INCLUDE_ALL_APPICON_ASSETS = NO;
				CODE_SIGN_ENTITLEMENTS = dagger/dagger.entitlements;
				CODE_SIGN_STYLE = Manual;
				COMBINE_HIDPI_IMAGES = YES;
				CURRENT_PROJECT_VERSION = 1;
				DEVELOPMENT_TEAM = "";
				GENERATE_INFOPLIST_FILE = YES;
				INFOPLIST_FILE = dagger/Info.plist;
				INFOPLIST_KEY_LSApplicationCategoryType = "public.app-category.utilities";
				INFOPLIST_KEY_NSHumanReadableCopyright = "";
				INFOPLIST_KEY_NSMainNibFile = MainMenu;
				INFOPLIST_KEY_NSPrincipalClass = NSApplication;
				LD_RUNPATH_SEARCH_PATHS = (
					"$(inherited)",
					"@executable_path/../Frameworks",
				);
				MACOSX_DEPLOYMENT_TARGET = 10.12;
				MARKETING_VERSION = 1.0;
				PRODUCT_BUNDLE_IDENTIFIER = com.midoks.dagger;
				PRODUCT_NAME = "$(TARGET_NAME)";
				PROVISIONING_PROFILE_SPECIFIER = "";
				SWIFT_EMIT_LOC_STRINGS = YES;
			};
			name = Debug;
		};
		82E844DF272542AF00F3FF1F /* Release */ = {
			isa = XCBuildConfiguration;
			buildSettings = {
				ASSETCATALOG_COMPILER_APPICON_NAME = AppIcon;
				ASSETCATALOG_COMPILER_INCLUDE_ALL_APPICON_ASSETS = NO;
				CODE_SIGN_ENTITLEMENTS = dagger/dagger.entitlements;
				CODE_SIGN_STYLE = Automatic;
				COMBINE_HIDPI_IMAGES = YES;
				CURRENT_PROJECT_VERSION = 1;
				GENERATE_INFOPLIST_FILE = YES;
				INFOPLIST_FILE = dagger/Info.plist;
				INFOPLIST_KEY_LSApplicationCategoryType = "public.app-category.utilities";
				INFOPLIST_KEY_NSHumanReadableCopyright = "";
				INFOPLIST_KEY_NSMainNibFile = MainMenu;
				INFOPLIST_KEY_NSPrincipalClass = NSApplication;
				LD_RUNPATH_SEARCH_PATHS = (
					"$(inherited)",
					"@executable_path/../Frameworks",
				);
				MACOSX_DEPLOYMENT_TARGET = 10.12;
				MARKETING_VERSION = 1.0;
				PRODUCT_BUNDLE_IDENTIFIER = com.midoks.dagger;
				PRODUCT_NAME = "$(TARGET_NAME)";
				SWIFT_EMIT_LOC_STRINGS = YES;
			};
			name = Release;
		};
		82E844E1272542AF00F3FF1F /* Debug */ = {
			isa = XCBuildConfiguration;
			buildSettings = {
				BUNDLE_LOADER = "$(TEST_HOST)";
				CODE_SIGN_STYLE = Automatic;
				COMBINE_HIDPI_IMAGES = YES;
				CURRENT_PROJECT_VERSION = 1;
				GENERATE_INFOPLIST_FILE = YES;
				LD_RUNPATH_SEARCH_PATHS = (
					"$(inherited)",
					"@executable_path/../Frameworks",
					"@loader_path/../Frameworks",
				);
				MACOSX_DEPLOYMENT_TARGET = 11.3;
				MARKETING_VERSION = 1.0;
				PRODUCT_BUNDLE_IDENTIFIER = com.midoks.daggerTests;
				PRODUCT_NAME = "$(TARGET_NAME)";
				SWIFT_EMIT_LOC_STRINGS = NO;
				TEST_HOST = "$(BUILT_PRODUCTS_DIR)/dagger.app/Contents/MacOS/dagger";
			};
			name = Debug;
		};
		82E844E2272542AF00F3FF1F /* Release */ = {
			isa = XCBuildConfiguration;
			buildSettings = {
				BUNDLE_LOADER = "$(TEST_HOST)";
				CODE_SIGN_STYLE = Automatic;
				COMBINE_HIDPI_IMAGES = YES;
				CURRENT_PROJECT_VERSION = 1;
				GENERATE_INFOPLIST_FILE = YES;
				LD_RUNPATH_SEARCH_PATHS = (
					"$(inherited)",
					"@executable_path/../Frameworks",
					"@loader_path/../Frameworks",
				);
				MACOSX_DEPLOYMENT_TARGET = 11.3;
				MARKETING_VERSION = 1.0;
				PRODUCT_BUNDLE_IDENTIFIER = com.midoks.daggerTests;
				PRODUCT_NAME = "$(TARGET_NAME)";
				SWIFT_EMIT_LOC_STRINGS = NO;
				TEST_HOST = "$(BUILT_PRODUCTS_DIR)/dagger.app/Contents/MacOS/dagger";
			};
			name = Release;
		};
		82E844E4272542AF00F3FF1F /* Debug */ = {
			isa = XCBuildConfiguration;
			buildSettings = {
				CODE_SIGN_STYLE = Automatic;
				COMBINE_HIDPI_IMAGES = YES;
				CURRENT_PROJECT_VERSION = 1;
				GENERATE_INFOPLIST_FILE = YES;
				LD_RUNPATH_SEARCH_PATHS = (
					"$(inherited)",
					"@executable_path/../Frameworks",
					"@loader_path/../Frameworks",
				);
				MARKETING_VERSION = 1.0;
				PRODUCT_BUNDLE_IDENTIFIER = com.midoks.daggerUITests;
				PRODUCT_NAME = "$(TARGET_NAME)";
				SWIFT_EMIT_LOC_STRINGS = NO;
				TEST_TARGET_NAME = dagger;
			};
			name = Debug;
		};
		82E844E5272542AF00F3FF1F /* Release */ = {
			isa = XCBuildConfiguration;
			buildSettings = {
				CODE_SIGN_STYLE = Automatic;
				COMBINE_HIDPI_IMAGES = YES;
				CURRENT_PROJECT_VERSION = 1;
				GENERATE_INFOPLIST_FILE = YES;
				LD_RUNPATH_SEARCH_PATHS = (
					"$(inherited)",
					"@executable_path/../Frameworks",
					"@loader_path/../Frameworks",
				);
				MARKETING_VERSION = 1.0;
				PRODUCT_BUNDLE_IDENTIFIER = com.midoks.daggerUITests;
				PRODUCT_NAME = "$(TARGET_NAME)";
				SWIFT_EMIT_LOC_STRINGS = NO;
				TEST_TARGET_NAME = dagger;
			};
			name = Release;
		};
/* End XCBuildConfiguration section */

/* Begin XCConfigurationList section */
		82E844B2272542A400F3FF1F /* Build configuration list for PBXProject "dagger" */ = {
			isa = XCConfigurationList;
			buildConfigurations = (
				82E844DB272542AF00F3FF1F /* Debug */,
				82E844DC272542AF00F3FF1F /* Release */,
			);
			defaultConfigurationIsVisible = 0;
			defaultConfigurationName = Release;
		};
		82E844DD272542AF00F3FF1F /* Build configuration list for PBXNativeTarget "dagger" */ = {
			isa = XCConfigurationList;
			buildConfigurations = (
				82E844DE272542AF00F3FF1F /* Debug */,
				82E844DF272542AF00F3FF1F /* Release */,
			);
			defaultConfigurationIsVisible = 0;
			defaultConfigurationName = Release;
		};
		82E844E0272542AF00F3FF1F /* Build configuration list for PBXNativeTarget "daggerTests" */ = {
			isa = XCConfigurationList;
			buildConfigurations = (
				82E844E1272542AF00F3FF1F /* Debug */,
				82E844E2272542AF00F3FF1F /* Release */,
			);
			defaultConfigurationIsVisible = 0;
			defaultConfigurationName = Release;
		};
		82E844E3272542AF00F3FF1F /* Build configuration list for PBXNativeTarget "daggerUITests" */ = {
			isa = XCConfigurationList;
			buildConfigurations = (
				82E844E4272542AF00F3FF1F /* Debug */,
				82E844E5272542AF00F3FF1F /* Release */,
			);
			defaultConfigurationIsVisible = 0;
			defaultConfigurationName = Release;
		};
/* End XCConfigurationList section */
	};
	rootObject = 82E844AF272542A400F3FF1F /* Project object */;
}
